// !$*UTF8*$!
{
	archiveVersion = 1;
	classes = {
	};
	objectVersion = 50;
	objects = {

/* Begin PBXBuildFile section */
		9506885421CF90F3006AC1DB /* AppStoreManager.swift in Sources */ = {isa = PBXBuildFile; fileRef = 9506885321CF90F3006AC1DB /* AppStoreManager.swift */; };
		9506885C21D01D9C006AC1DB /* measureRowValueDetails.swift in Sources */ = {isa = PBXBuildFile; fileRef = 9506885B21D01D9C006AC1DB /* measureRowValueDetails.swift */; };
		95084E3721D4AAC200EF307A /* AllertViewIntro.swift in Sources */ = {isa = PBXBuildFile; fileRef = 95084E3621D4AAC200EF307A /* AllertViewIntro.swift */; };
		9509532C226D8C7E002E89DB /* fit_UITests.swift in Sources */ = {isa = PBXBuildFile; fileRef = 9509532B226D8C7E002E89DB /* fit_UITests.swift */; };
		950B716E22630E1A00596167 /* DataManagerSupplement.swift in Sources */ = {isa = PBXBuildFile; fileRef = 950B716D22630E1A00596167 /* DataManagerSupplement.swift */; };
		950B717022632C1200596167 /* SelectedProductCell.swift in Sources */ = {isa = PBXBuildFile; fileRef = 950B716F22632C1200596167 /* SelectedProductCell.swift */; };
		950B71772263551800596167 /* Supplement+CoreDataClass.swift in Sources */ = {isa = PBXBuildFile; fileRef = 950B71752263551800596167 /* Supplement+CoreDataClass.swift */; };
		950B71782263551800596167 /* Supplement+CoreDataProperties.swift in Sources */ = {isa = PBXBuildFile; fileRef = 950B71762263551800596167 /* Supplement+CoreDataProperties.swift */; };
		950B717E226460C800596167 /* CirclePieView.swift in Sources */ = {isa = PBXBuildFile; fileRef = 950B717D226460C800596167 /* CirclePieView.swift */; };
		950D787122497ACB00542CD7 /* PurchaseInfoController.swift in Sources */ = {isa = PBXBuildFile; fileRef = 950D787022497ACB00542CD7 /* PurchaseInfoController.swift */; };
		95153BB721CC05DC0031FFB9 /* enum.swift in Sources */ = {isa = PBXBuildFile; fileRef = 95153BB621CC05DC0031FFB9 /* enum.swift */; };
		951AD5F92227D7BA009E046A /* CloudKit.framework in Frameworks */ = {isa = PBXBuildFile; fileRef = 951AD5F82227D7BA009E046A /* CloudKit.framework */; };
		951AD60B2227D825009E046A /* Ensembles.framework in Frameworks */ = {isa = PBXBuildFile; fileRef = 951AD60A2227D7E8009E046A /* Ensembles.framework */; };
		951AD60C2227D825009E046A /* Ensembles.framework in Embed Frameworks */ = {isa = PBXBuildFile; fileRef = 951AD60A2227D7E8009E046A /* Ensembles.framework */; settings = {ATTRIBUTES = (CodeSignOnCopy, RemoveHeadersOnCopy, ); }; };
		9521B9F0224E0CE000E9A7A5 /* GoogleUtilities.framework in Frameworks */ = {isa = PBXBuildFile; fileRef = 9521B9E8224E0CDE00E9A7A5 /* GoogleUtilities.framework */; };
		9521B9F1224E0CE000E9A7A5 /* GoogleAppMeasurement.framework in Frameworks */ = {isa = PBXBuildFile; fileRef = 9521B9ED224E0CDE00E9A7A5 /* GoogleAppMeasurement.framework */; };
		9521B9F2224E0CE000E9A7A5 /* nanopb.framework in Frameworks */ = {isa = PBXBuildFile; fileRef = 9521B9EE224E0CDE00E9A7A5 /* nanopb.framework */; };
		9521B9F3224E0CE000E9A7A5 /* GoogleMobileAds.framework in Frameworks */ = {isa = PBXBuildFile; fileRef = 9521B9EF224E0CE000E9A7A5 /* GoogleMobileAds.framework */; };
		9521B9F7225017FA00E9A7A5 /* Assets.xcassets in Resources */ = {isa = PBXBuildFile; fileRef = 9521B9F6225017FA00E9A7A5 /* Assets.xcassets */; };
		9521B9F922538F9700E9A7A5 /* DataManagerGirth.swift in Sources */ = {isa = PBXBuildFile; fileRef = 9521B9F822538F9700E9A7A5 /* DataManagerGirth.swift */; };
		9521B9FB22538FB700E9A7A5 /* DataManagerSkinFold.swift in Sources */ = {isa = PBXBuildFile; fileRef = 9521B9FA22538FB700E9A7A5 /* DataManagerSkinFold.swift */; };
		9521B9FD22538FE000E9A7A5 /* DataManagerVersionCheck.swift in Sources */ = {isa = PBXBuildFile; fileRef = 9521B9FC22538FE000E9A7A5 /* DataManagerVersionCheck.swift */; };
		9521B9FF2253911F00E9A7A5 /* DatamanagerAlertView.swift in Sources */ = {isa = PBXBuildFile; fileRef = 9521B9FE2253911F00E9A7A5 /* DatamanagerAlertView.swift */; };
		9521BA012253917B00E9A7A5 /* DataManagerPhotos.swift in Sources */ = {isa = PBXBuildFile; fileRef = 9521BA002253917B00E9A7A5 /* DataManagerPhotos.swift */; };
		9521BA03225391F800E9A7A5 /* DataManagerAdMob.swift in Sources */ = {isa = PBXBuildFile; fileRef = 9521BA02225391F800E9A7A5 /* DataManagerAdMob.swift */; };
		95269EDE21B0888500DBD758 /* DataManager.swift in Sources */ = {isa = PBXBuildFile; fileRef = 95269EDD21B0888500DBD758 /* DataManager.swift */; };
		952B464422684B710005FD5B /* CAPSPageMenu.swift in Sources */ = {isa = PBXBuildFile; fileRef = 952B463E22684B710005FD5B /* CAPSPageMenu.swift */; };
		952B464522684B710005FD5B /* CAPSPageMenu+Options.swift in Sources */ = {isa = PBXBuildFile; fileRef = 952B463F22684B710005FD5B /* CAPSPageMenu+Options.swift */; };
		952B464622684B710005FD5B /* CAPSPageMenu+UIConfiguration.swift in Sources */ = {isa = PBXBuildFile; fileRef = 952B464022684B710005FD5B /* CAPSPageMenu+UIConfiguration.swift */; };
		952B464722684B710005FD5B /* CAPSPageMenu+UIGestureRecognizerDelegate.swift in Sources */ = {isa = PBXBuildFile; fileRef = 952B464122684B710005FD5B /* CAPSPageMenu+UIGestureRecognizerDelegate.swift */; };
		952B464822684B710005FD5B /* CAPSPageMenu+UIScrollViewDelegate.swift in Sources */ = {isa = PBXBuildFile; fileRef = 952B464222684B710005FD5B /* CAPSPageMenu+UIScrollViewDelegate.swift */; };
		952B464922684B710005FD5B /* CAPSPageMenuConfiguration.swift in Sources */ = {isa = PBXBuildFile; fileRef = 952B464322684B710005FD5B /* CAPSPageMenuConfiguration.swift */; };
		952B464C22684C350005FD5B /* PageMenuBodyMeasurment.swift in Sources */ = {isa = PBXBuildFile; fileRef = 952B464B22684C350005FD5B /* PageMenuBodyMeasurment.swift */; };
		952B464E22684D960005FD5B /* MenuItemView.swift in Sources */ = {isa = PBXBuildFile; fileRef = 952B464D22684D960005FD5B /* MenuItemView.swift */; };
		952B46502268D95F0005FD5B /* PageMenuInsight.swift in Sources */ = {isa = PBXBuildFile; fileRef = 952B464F2268D95F0005FD5B /* PageMenuInsight.swift */; };
		9533860D2255D396009DBECB /* TaskDelegate.swift in Sources */ = {isa = PBXBuildFile; fileRef = 953385FC2255D395009DBECB /* TaskDelegate.swift */; };
		9533860E2255D396009DBECB /* MultipartFormData.swift in Sources */ = {isa = PBXBuildFile; fileRef = 953385FD2255D395009DBECB /* MultipartFormData.swift */; };
		9533860F2255D396009DBECB /* NetworkReachabilityManager.swift in Sources */ = {isa = PBXBuildFile; fileRef = 953385FE2255D395009DBECB /* NetworkReachabilityManager.swift */; };
		953386102255D396009DBECB /* Timeline.swift in Sources */ = {isa = PBXBuildFile; fileRef = 953385FF2255D395009DBECB /* Timeline.swift */; };
		953386112255D396009DBECB /* DispatchQueue+Alamofire.swift in Sources */ = {isa = PBXBuildFile; fileRef = 953386002255D395009DBECB /* DispatchQueue+Alamofire.swift */; };
		953386122255D396009DBECB /* Result.swift in Sources */ = {isa = PBXBuildFile; fileRef = 953386012255D395009DBECB /* Result.swift */; };
		953386132255D396009DBECB /* ParameterEncoding.swift in Sources */ = {isa = PBXBuildFile; fileRef = 953386022255D395009DBECB /* ParameterEncoding.swift */; };
		953386142255D396009DBECB /* AFError.swift in Sources */ = {isa = PBXBuildFile; fileRef = 953386032255D395009DBECB /* AFError.swift */; };
		953386152255D396009DBECB /* Validation.swift in Sources */ = {isa = PBXBuildFile; fileRef = 953386042255D395009DBECB /* Validation.swift */; };
		953386162255D396009DBECB /* Notifications.swift in Sources */ = {isa = PBXBuildFile; fileRef = 953386052255D395009DBECB /* Notifications.swift */; };
		953386172255D396009DBECB /* Response.swift in Sources */ = {isa = PBXBuildFile; fileRef = 953386062255D395009DBECB /* Response.swift */; };
		953386182255D396009DBECB /* Alamofire.swift in Sources */ = {isa = PBXBuildFile; fileRef = 953386072255D395009DBECB /* Alamofire.swift */; };
		953386192255D396009DBECB /* Request.swift in Sources */ = {isa = PBXBuildFile; fileRef = 953386082255D395009DBECB /* Request.swift */; };
		9533861A2255D396009DBECB /* SessionManager.swift in Sources */ = {isa = PBXBuildFile; fileRef = 953386092255D395009DBECB /* SessionManager.swift */; };
		9533861B2255D396009DBECB /* ResponseSerialization.swift in Sources */ = {isa = PBXBuildFile; fileRef = 9533860A2255D395009DBECB /* ResponseSerialization.swift */; };
		9533861C2255D396009DBECB /* ServerTrustPolicy.swift in Sources */ = {isa = PBXBuildFile; fileRef = 9533860B2255D395009DBECB /* ServerTrustPolicy.swift */; };
		9533861D2255D396009DBECB /* SessionDelegate.swift in Sources */ = {isa = PBXBuildFile; fileRef = 9533860C2255D395009DBECB /* SessionDelegate.swift */; };
		9533861F2255D423009DBECB /* DownloadManager.swift in Sources */ = {isa = PBXBuildFile; fileRef = 9533861E2255D423009DBECB /* DownloadManager.swift */; };
		953386212255DA9C009DBECB /* SupplementSearchedByName.swift in Sources */ = {isa = PBXBuildFile; fileRef = 953386202255DA9C009DBECB /* SupplementSearchedByName.swift */; };
		953386232255DAE2009DBECB /* ProductCellForSearched.swift in Sources */ = {isa = PBXBuildFile; fileRef = 953386222255DAE2009DBECB /* ProductCellForSearched.swift */; };
		9533863722569176009DBECB /* SkinFoldsRawDataTableview.swift in Sources */ = {isa = PBXBuildFile; fileRef = 9533863622569176009DBECB /* SkinFoldsRawDataTableview.swift */; };
		9533863B22572AC3009DBECB /* CalssModel.swift in Sources */ = {isa = PBXBuildFile; fileRef = 9533863A22572AC3009DBECB /* CalssModel.swift */; };
		95338643225B81FE009DBECB /* LabelProductUIView.swift in Sources */ = {isa = PBXBuildFile; fileRef = 95338642225B81FE009DBECB /* LabelProductUIView.swift */; };
		95338645225B8219009DBECB /* IngredientsUIView.xib in Resources */ = {isa = PBXBuildFile; fileRef = 95338644225B8219009DBECB /* IngredientsUIView.xib */; };
		95338649225BF88E009DBECB /* SupplementDetailsController.swift in Sources */ = {isa = PBXBuildFile; fileRef = 95338648225BF88E009DBECB /* SupplementDetailsController.swift */; };
		9533CA6421E3337C00C397DE /* LanguageController.swift in Sources */ = {isa = PBXBuildFile; fileRef = 9533CA6321E3337C00C397DE /* LanguageController.swift */; };
		9541A9E621B1974D004AA622 /* UserDefaultsSettings.swift in Sources */ = {isa = PBXBuildFile; fileRef = 9541A9E521B1974D004AA622 /* UserDefaultsSettings.swift */; };
		9542CD2421BAA2AE00D72B6A /* AllertViewSkinFoldInsertWithGraph.swift in Sources */ = {isa = PBXBuildFile; fileRef = 9542CD2321BAA2AE00D72B6A /* AllertViewSkinFoldInsertWithGraph.swift */; };
		954927E321BE92C100F78FD8 /* GhirtRawDataTableview.swift in Sources */ = {isa = PBXBuildFile; fileRef = 954927E221BE92C100F78FD8 /* GhirtRawDataTableview.swift */; };
		954927E521BE92DA00F78FD8 /* RawDataCell.swift in Sources */ = {isa = PBXBuildFile; fileRef = 954927E421BE92DA00F78FD8 /* RawDataCell.swift */; };
		954927EB21BEEFC900F78FD8 /* Istruzioni.rtf in Resources */ = {isa = PBXBuildFile; fileRef = 954927EA21BEEFC900F78FD8 /* Istruzioni.rtf */; };
		954927ED21BEF01600F78FD8 /* InstructionController.swift in Sources */ = {isa = PBXBuildFile; fileRef = 954927EC21BEF01600F78FD8 /* InstructionController.swift */; };
		954C4BB1227B7BFF00CDC706 /* PageMenuSettings.swift in Sources */ = {isa = PBXBuildFile; fileRef = 954C4BB0227B7BFF00CDC706 /* PageMenuSettings.swift */; };
		95523AAE21B1132800761D1B /* Model.xcdatamodeld in Sources */ = {isa = PBXBuildFile; fileRef = 95523AAC21B1132800761D1B /* Model.xcdatamodeld */; };
		955592C621B6ECEF0059A83D /* ChartViewController.swift in Sources */ = {isa = PBXBuildFile; fileRef = 955592C521B6ECEF0059A83D /* ChartViewController.swift */; };
		955DBD5F21CBED8C00312E6E /* Extension.swift in Sources */ = {isa = PBXBuildFile; fileRef = 955DBD5E21CBED8C00312E6E /* Extension.swift */; };
		95685D942227DA7200A2DF56 /* Thumbnail+CoreDataProperties.swift in Sources */ = {isa = PBXBuildFile; fileRef = 95685D902227DA7200A2DF56 /* Thumbnail+CoreDataProperties.swift */; };
		95685D952227DA7200A2DF56 /* BodyMeasure+CoreDataProperties.swift in Sources */ = {isa = PBXBuildFile; fileRef = 95685D912227DA7200A2DF56 /* BodyMeasure+CoreDataProperties.swift */; };
		95685D962227DA7200A2DF56 /* PlicheMeasure+CoreDataProperties.swift in Sources */ = {isa = PBXBuildFile; fileRef = 95685D922227DA7200A2DF56 /* PlicheMeasure+CoreDataProperties.swift */; };
		95685D972227DA7200A2DF56 /* PicFullRes+CoreDataProperties.swift in Sources */ = {isa = PBXBuildFile; fileRef = 95685D932227DA7200A2DF56 /* PicFullRes+CoreDataProperties.swift */; };
		956A870621C99EB4009291C1 /* Privacy.rtf in Resources */ = {isa = PBXBuildFile; fileRef = 956A870521C99EB4009291C1 /* Privacy.rtf */; };
		957BDA9721CCFDB000E2718F /* NavController.swift in Sources */ = {isa = PBXBuildFile; fileRef = 957BDA9621CCFDB000E2718F /* NavController.swift */; };
		957CC16021D59F9A00B0AFCF /* method.rtf in Resources */ = {isa = PBXBuildFile; fileRef = 957CC15F21D59F9A00B0AFCF /* method.rtf */; };
		95946BDD21AB458700D534D0 /* AppDelegate.swift in Sources */ = {isa = PBXBuildFile; fileRef = 95946BDC21AB458700D534D0 /* AppDelegate.swift */; };
		95946BE921AB458800D534D0 /* LaunchScreen.storyboard in Resources */ = {isa = PBXBuildFile; fileRef = 95946BE721AB458800D534D0 /* LaunchScreen.storyboard */; };
		95946C0D21AB478700D534D0 /* PhotoGallery.swift in Sources */ = {isa = PBXBuildFile; fileRef = 95946C0C21AB478700D534D0 /* PhotoGallery.swift */; };
		95946C0F21AB48EC00D534D0 /* MeasureMainController.swift in Sources */ = {isa = PBXBuildFile; fileRef = 95946C0E21AB48EC00D534D0 /* MeasureMainController.swift */; };
		95946C1321AB491300D534D0 /* InsightMainController.swift in Sources */ = {isa = PBXBuildFile; fileRef = 95946C1221AB491300D534D0 /* InsightMainController.swift */; };
		95946C1F21ABCD0300D534D0 /* CustomViewDoubleColor.swift in Sources */ = {isa = PBXBuildFile; fileRef = 95946C1E21ABCD0300D534D0 /* CustomViewDoubleColor.swift */; };
		95946C2421AC3C9100D534D0 /* MeasureCollectionViewCell.swift in Sources */ = {isa = PBXBuildFile; fileRef = 95946C2321AC3C9100D534D0 /* MeasureCollectionViewCell.swift */; };
		95946C9E21AD416600D534D0 /* AllertViewGirthInsert.swift in Sources */ = {isa = PBXBuildFile; fileRef = 95946C9D21AD416600D534D0 /* AllertViewGirthInsert.swift */; };
		9596BBD921C3815C00244C41 /* CameraUse.rtf in Resources */ = {isa = PBXBuildFile; fileRef = 9596BBD821C3815C00244C41 /* CameraUse.rtf */; };
		9596BBDB21C3899100244C41 /* PicFullResController.swift in Sources */ = {isa = PBXBuildFile; fileRef = 9596BBDA21C3899100244C41 /* PicFullResController.swift */; };
		959B10DD21CA751500CF2E3F /* Charts.framework in Frameworks */ = {isa = PBXBuildFile; fileRef = 959B10D421CA74D600CF2E3F /* Charts.framework */; };
		959B10DE21CA751500CF2E3F /* Charts.framework in Embed Frameworks */ = {isa = PBXBuildFile; fileRef = 959B10D421CA74D600CF2E3F /* Charts.framework */; settings = {ATTRIBUTES = (CodeSignOnCopy, RemoveHeadersOnCopy, ); }; };
		959FDEF422742BE800D1BE60 /* Main.storyboard in Resources */ = {isa = PBXBuildFile; fileRef = 959FDEF622742BE800D1BE60 /* Main.storyboard */; };
		959FDEF922742C0600D1BE60 /* GirthStoryboard.storyboard in Resources */ = {isa = PBXBuildFile; fileRef = 959FDEFB22742C0600D1BE60 /* GirthStoryboard.storyboard */; };
		959FDF0022742C1900D1BE60 /* SkinFoldStoryboard.storyboard in Resources */ = {isa = PBXBuildFile; fileRef = 959FDF0222742C1900D1BE60 /* SkinFoldStoryboard.storyboard */; };
		959FDF0522742C2C00D1BE60 /* CameraStoryboard.storyboard in Resources */ = {isa = PBXBuildFile; fileRef = 959FDF0722742C2C00D1BE60 /* CameraStoryboard.storyboard */; };
		959FDF0C22742C3D00D1BE60 /* InsightStoryboard.storyboard in Resources */ = {isa = PBXBuildFile; fileRef = 959FDF0E22742C3D00D1BE60 /* InsightStoryboard.storyboard */; };
		959FDF1322742C5700D1BE60 /* SettingStoryboard.storyboard in Resources */ = {isa = PBXBuildFile; fileRef = 959FDF1522742C5700D1BE60 /* SettingStoryboard.storyboard */; };
		959FDF1A22742C6600D1BE60 /* SupplementStoryboard.storyboard in Resources */ = {isa = PBXBuildFile; fileRef = 959FDF1C22742C6600D1BE60 /* SupplementStoryboard.storyboard */; };
		959FDF2C22742F6A00D1BE60 /* Localizable.strings in Resources */ = {isa = PBXBuildFile; fileRef = 959FDF2E22742F6A00D1BE60 /* Localizable.strings */; };
		959FDF32227445CF00D1BE60 /* InfoPlist.strings in Resources */ = {isa = PBXBuildFile; fileRef = 959FDF30227445CF00D1BE60 /* InfoPlist.strings */; };
		95A05D9521D24A450033B0AB /* SkinFoldsRawValuDetails.swift in Sources */ = {isa = PBXBuildFile; fileRef = 95A05D9421D24A450033B0AB /* SkinFoldsRawValuDetails.swift */; };
		95A1F89B21B43ADF005B6CC5 /* lastMeasureCell.swift in Sources */ = {isa = PBXBuildFile; fileRef = 95A1F89A21B43ADF005B6CC5 /* lastMeasureCell.swift */; };
		95ACDF3F21C7AAAC003A77BD /* HealthManager.swift in Sources */ = {isa = PBXBuildFile; fileRef = 95ACDF3E21C7AAAB003A77BD /* HealthManager.swift */; };
		95ACDF4221C812DE003A77BD /* HealthKit.framework in Frameworks */ = {isa = PBXBuildFile; fileRef = 95ACDF4121C812DE003A77BD /* HealthKit.framework */; };
		95C6AE2F224141C5000C48C6 /* IAPHelper.swift in Sources */ = {isa = PBXBuildFile; fileRef = 95C6AE2E224141C5000C48C6 /* IAPHelper.swift */; };
		95C6AE3122414224000C48C6 /* GandCProducts.swift in Sources */ = {isa = PBXBuildFile; fileRef = 95C6AE3022414224000C48C6 /* GandCProducts.swift */; };
		95C6AE35224146E7000C48C6 /* ShoppingController.swift in Sources */ = {isa = PBXBuildFile; fileRef = 95C6AE34224146E7000C48C6 /* ShoppingController.swift */; };
		95C6AE37224148FD000C48C6 /* ProductCell.swift in Sources */ = {isa = PBXBuildFile; fileRef = 95C6AE36224148FD000C48C6 /* ProductCell.swift */; };
		95D64C8A21E3778A0071532C /* methodIta.rtf in Resources */ = {isa = PBXBuildFile; fileRef = 95D64C8921E3778A0071532C /* methodIta.rtf */; };
		95D64C8E21E4939C0071532C /* Istruzioni_Ita.rtf in Resources */ = {isa = PBXBuildFile; fileRef = 95D64C8D21E4939C0071532C /* Istruzioni_Ita.rtf */; };
		95D64C9021E499D80071532C /* CameraUse_it.rtf in Resources */ = {isa = PBXBuildFile; fileRef = 95D64C8F21E499D80071532C /* CameraUse_it.rtf */; };
		95D97A21226492E9002A4515 /* SupplemetInsertedManuallyController.swift in Sources */ = {isa = PBXBuildFile; fileRef = 95D97A20226492E9002A4515 /* SupplemetInsertedManuallyController.swift */; };
		95D97A27226493B0002A4515 /* CameraManager.swift in Sources */ = {isa = PBXBuildFile; fileRef = 95D97A26226493B0002A4515 /* CameraManager.swift */; };
		95D97A2922663B07002A4515 /* AppDelegateExtension.swift in Sources */ = {isa = PBXBuildFile; fileRef = 95D97A2822663B07002A4515 /* AppDelegateExtension.swift */; };
		95D98AAF22798F9B005919D0 /* ExtensionAppDelegateInAppPurchase.swift in Sources */ = {isa = PBXBuildFile; fileRef = 95D98AAE22798F9B005919D0 /* ExtensionAppDelegateInAppPurchase.swift */; };
		95DB84AA21ADA84D00D13E6A /* StaticClass.swift in Sources */ = {isa = PBXBuildFile; fileRef = 95DB84A921ADA84D00D13E6A /* StaticClass.swift */; };
		95DB84AC21ADB1F300D13E6A /* PlicoMainControllerTable.swift in Sources */ = {isa = PBXBuildFile; fileRef = 95DB84AB21ADB1F300D13E6A /* PlicoMainControllerTable.swift */; };
		95DB84AE21ADE98800D13E6A /* PlicheMoethodController.swift in Sources */ = {isa = PBXBuildFile; fileRef = 95DB84AD21ADE98800D13E6A /* PlicheMoethodController.swift */; };
		95DB84B021ADF02F00D13E6A /* PlicheMetCollectionViewCell.swift in Sources */ = {isa = PBXBuildFile; fileRef = 95DB84AF21ADF02F00D13E6A /* PlicheMetCollectionViewCell.swift */; };
		95DB84B221ADF37600D13E6A /* AllertViewSkinFoldInsert.swift in Sources */ = {isa = PBXBuildFile; fileRef = 95DB84B121ADF37600D13E6A /* AllertViewSkinFoldInsert.swift */; };
		95DB84B721AECA6600D13E6A /* SettingsMainTableViewController.swift in Sources */ = {isa = PBXBuildFile; fileRef = 95DB84B621AECA6600D13E6A /* SettingsMainTableViewController.swift */; };
		95DB84C421AEE1EE00D13E6A /* Credit.rtf in Resources */ = {isa = PBXBuildFile; fileRef = 95DB84C221AEE1ED00D13E6A /* Credit.rtf */; };
		95DB84C621AEE25400D13E6A /* PrivacyController.swift in Sources */ = {isa = PBXBuildFile; fileRef = 95DB84C521AEE25400D13E6A /* PrivacyController.swift */; };
		95DB84CB21AFF73D00D13E6A /* PicturesCell.swift in Sources */ = {isa = PBXBuildFile; fileRef = 95DB84CA21AFF73D00D13E6A /* PicturesCell.swift */; };
		95DB84D621B0074700D13E6A /* CameraViewController.swift in Sources */ = {isa = PBXBuildFile; fileRef = 95DB84D521B0074700D13E6A /* CameraViewController.swift */; };
		95DD858B2255C41300087CEB /* SwiftyJSON.swift in Sources */ = {isa = PBXBuildFile; fileRef = 95DD85862255C41200087CEB /* SwiftyJSON.swift */; };
		95E9B4DA21C8DA0E00C8A076 /* VirtualPlane.swift in Sources */ = {isa = PBXBuildFile; fileRef = 95E9B4D821C8DA0E00C8A076 /* VirtualPlane.swift */; };
		95E9B4DC21C8DA1900C8A076 /* my.scnassets in Resources */ = {isa = PBXBuildFile; fileRef = 95E9B4DB21C8DA1900C8A076 /* my.scnassets */; };
		95EB82F621E7B1C200AB639D /* BodyMeasure+CoreDataClass.swift in Sources */ = {isa = PBXBuildFile; fileRef = 95EB82EE21E7B1C200AB639D /* BodyMeasure+CoreDataClass.swift */; };
		95EB82F821E7B1C200AB639D /* PicFullRes+CoreDataClass.swift in Sources */ = {isa = PBXBuildFile; fileRef = 95EB82F021E7B1C200AB639D /* PicFullRes+CoreDataClass.swift */; };
		95EB82FA21E7B1C200AB639D /* PlicheMeasure+CoreDataClass.swift in Sources */ = {isa = PBXBuildFile; fileRef = 95EB82F221E7B1C200AB639D /* PlicheMeasure+CoreDataClass.swift */; };
		95EB82FC21E7B1C200AB639D /* Thumbnail+CoreDataClass.swift in Sources */ = {isa = PBXBuildFile; fileRef = 95EB82F421E7B1C200AB639D /* Thumbnail+CoreDataClass.swift */; };
		95ECB4E622746BFA00791A10 /* SnapshotHelper.swift in Sources */ = {isa = PBXBuildFile; fileRef = 95ECB4E522746BFA00791A10 /* SnapshotHelper.swift */; };
		95F21A682254BC4900049520 /* ScannerHelper.swift in Sources */ = {isa = PBXBuildFile; fileRef = 95F21A672254BC4900049520 /* ScannerHelper.swift */; };
		95F21A6E2254C55C00049520 /* UserSupplementListAndScan.swift in Sources */ = {isa = PBXBuildFile; fileRef = 95F21A6D2254C55C00049520 /* UserSupplementListAndScan.swift */; };
/* End PBXBuildFile section */

/* Begin PBXContainerItemProxy section */
		9509532E226D8C7E002E89DB /* PBXContainerItemProxy */ = {
			isa = PBXContainerItemProxy;
			containerPortal = 95946BD121AB458700D534D0 /* Project object */;
			proxyType = 1;
			remoteGlobalIDString = 95946BD821AB458700D534D0;
			remoteInfo = "iFit Girths & Caliper";
		};
		951AD6032227D7E8009E046A /* PBXContainerItemProxy */ = {
			isa = PBXContainerItemProxy;
			containerPortal = 951AD5FA2227D7E8009E046A /* Ensembles iOS.xcodeproj */;
			proxyType = 2;
			remoteGlobalIDString = 07BF374517F184DD00C56F64;
			remoteInfo = "Ensembles iOS";
		};
		951AD6052227D7E8009E046A /* PBXContainerItemProxy */ = {
			isa = PBXContainerItemProxy;
			containerPortal = 951AD5FA2227D7E8009E046A /* Ensembles iOS.xcodeproj */;
			proxyType = 2;
			remoteGlobalIDString = 07571F0F1910EC02008479A9;
			remoteInfo = "Ensembles Resources iOS";
		};
		951AD6072227D7E8009E046A /* PBXContainerItemProxy */ = {
			isa = PBXContainerItemProxy;
			containerPortal = 951AD5FA2227D7E8009E046A /* Ensembles iOS.xcodeproj */;
			proxyType = 2;
			remoteGlobalIDString = 070D336118018A960054BA23;
			remoteInfo = "Tests iOS";
		};
		951AD6092227D7E8009E046A /* PBXContainerItemProxy */ = {
			isa = PBXContainerItemProxy;
			containerPortal = 951AD5FA2227D7E8009E046A /* Ensembles iOS.xcodeproj */;
			proxyType = 2;
			remoteGlobalIDString = 07F2D9B41D950FDB00EB9483;
			remoteInfo = "Ensembles iOS Module";
		};
		951AD60D2227D825009E046A /* PBXContainerItemProxy */ = {
			isa = PBXContainerItemProxy;
			containerPortal = 951AD5FA2227D7E8009E046A /* Ensembles iOS.xcodeproj */;
			proxyType = 1;
			remoteGlobalIDString = 07F2D9B31D950FDB00EB9483;
			remoteInfo = "Ensembles iOS Module";
		};
		959B10D321CA74D600CF2E3F /* PBXContainerItemProxy */ = {
			isa = PBXContainerItemProxy;
			containerPortal = 959B10CE21CA74D600CF2E3F /* Charts.xcodeproj */;
			proxyType = 2;
			remoteGlobalIDString = 65AD9E95D9ED4DC0BD73A743;
			remoteInfo = Charts;
		};
		959B10DF21CA751500CF2E3F /* PBXContainerItemProxy */ = {
			isa = PBXContainerItemProxy;
			containerPortal = 959B10CE21CA74D600CF2E3F /* Charts.xcodeproj */;
			proxyType = 1;
			remoteGlobalIDString = A58A4ED274A941CA248EA921;
			remoteInfo = Charts;
		};
/* End PBXContainerItemProxy section */

/* Begin PBXCopyFilesBuildPhase section */
		95DB84DE21B014DD00D13E6A /* Embed Frameworks */ = {
			isa = PBXCopyFilesBuildPhase;
			buildActionMask = 12;
			dstPath = "";
			dstSubfolderSpec = 10;
			files = (
				959B10DE21CA751500CF2E3F /* Charts.framework in Embed Frameworks */,
				951AD60C2227D825009E046A /* Ensembles.framework in Embed Frameworks */,
			);
			name = "Embed Frameworks";
			runOnlyForDeploymentPostprocessing = 0;
		};
/* End PBXCopyFilesBuildPhase section */

/* Begin PBXFileReference section */
		9506885321CF90F3006AC1DB /* AppStoreManager.swift */ = {isa = PBXFileReference; fileEncoding = 4; lastKnownFileType = sourcecode.swift; path = AppStoreManager.swift; sourceTree = "<group>"; };
		9506885B21D01D9C006AC1DB /* measureRowValueDetails.swift */ = {isa = PBXFileReference; lastKnownFileType = sourcecode.swift; path = measureRowValueDetails.swift; sourceTree = "<group>"; };
		95084E3621D4AAC200EF307A /* AllertViewIntro.swift */ = {isa = PBXFileReference; lastKnownFileType = sourcecode.swift; path = AllertViewIntro.swift; sourceTree = "<group>"; };
		95095329226D8C7E002E89DB /* fit UITests.xctest */ = {isa = PBXFileReference; explicitFileType = wrapper.cfbundle; includeInIndex = 0; path = "fit UITests.xctest"; sourceTree = BUILT_PRODUCTS_DIR; };
		9509532B226D8C7E002E89DB /* fit_UITests.swift */ = {isa = PBXFileReference; lastKnownFileType = sourcecode.swift; path = fit_UITests.swift; sourceTree = "<group>"; };
		9509532D226D8C7E002E89DB /* Info.plist */ = {isa = PBXFileReference; lastKnownFileType = text.plist.xml; path = Info.plist; sourceTree = "<group>"; };
		950B716D22630E1A00596167 /* DataManagerSupplement.swift */ = {isa = PBXFileReference; lastKnownFileType = sourcecode.swift; path = DataManagerSupplement.swift; sourceTree = "<group>"; };
		950B716F22632C1200596167 /* SelectedProductCell.swift */ = {isa = PBXFileReference; lastKnownFileType = sourcecode.swift; path = SelectedProductCell.swift; sourceTree = "<group>"; };
		950B71752263551800596167 /* Supplement+CoreDataClass.swift */ = {isa = PBXFileReference; lastKnownFileType = sourcecode.swift; path = "Supplement+CoreDataClass.swift"; sourceTree = "<group>"; };
		950B71762263551800596167 /* Supplement+CoreDataProperties.swift */ = {isa = PBXFileReference; lastKnownFileType = sourcecode.swift; path = "Supplement+CoreDataProperties.swift"; sourceTree = "<group>"; };
		950B717D226460C800596167 /* CirclePieView.swift */ = {isa = PBXFileReference; lastKnownFileType = sourcecode.swift; path = CirclePieView.swift; sourceTree = "<group>"; };
		950D787022497ACB00542CD7 /* PurchaseInfoController.swift */ = {isa = PBXFileReference; lastKnownFileType = sourcecode.swift; path = PurchaseInfoController.swift; sourceTree = "<group>"; };
		95153BB621CC05DC0031FFB9 /* enum.swift */ = {isa = PBXFileReference; lastKnownFileType = sourcecode.swift; path = enum.swift; sourceTree = "<group>"; };
		951AD5F82227D7BA009E046A /* CloudKit.framework */ = {isa = PBXFileReference; lastKnownFileType = wrapper.framework; name = CloudKit.framework; path = System/Library/Frameworks/CloudKit.framework; sourceTree = SDKROOT; };
		951AD5FA2227D7E8009E046A /* Ensembles iOS.xcodeproj */ = {isa = PBXFileReference; lastKnownFileType = "wrapper.pb-project"; name = "Ensembles iOS.xcodeproj"; path = "Framework/Ensembles iOS.xcodeproj"; sourceTree = "<group>"; };
		9521B9E8224E0CDE00E9A7A5 /* GoogleUtilities.framework */ = {isa = PBXFileReference; lastKnownFileType = wrapper.framework; path = GoogleUtilities.framework; sourceTree = "<group>"; };
		9521B9ED224E0CDE00E9A7A5 /* GoogleAppMeasurement.framework */ = {isa = PBXFileReference; lastKnownFileType = wrapper.framework; path = GoogleAppMeasurement.framework; sourceTree = "<group>"; };
		9521B9EE224E0CDE00E9A7A5 /* nanopb.framework */ = {isa = PBXFileReference; lastKnownFileType = wrapper.framework; path = nanopb.framework; sourceTree = "<group>"; };
		9521B9EF224E0CE000E9A7A5 /* GoogleMobileAds.framework */ = {isa = PBXFileReference; lastKnownFileType = wrapper.framework; path = GoogleMobileAds.framework; sourceTree = "<group>"; };
		9521B9F6225017FA00E9A7A5 /* Assets.xcassets */ = {isa = PBXFileReference; lastKnownFileType = folder.assetcatalog; path = Assets.xcassets; sourceTree = "<group>"; };
		9521B9F822538F9700E9A7A5 /* DataManagerGirth.swift */ = {isa = PBXFileReference; lastKnownFileType = sourcecode.swift; path = DataManagerGirth.swift; sourceTree = "<group>"; };
		9521B9FA22538FB700E9A7A5 /* DataManagerSkinFold.swift */ = {isa = PBXFileReference; lastKnownFileType = sourcecode.swift; path = DataManagerSkinFold.swift; sourceTree = "<group>"; };
		9521B9FC22538FE000E9A7A5 /* DataManagerVersionCheck.swift */ = {isa = PBXFileReference; lastKnownFileType = sourcecode.swift; path = DataManagerVersionCheck.swift; sourceTree = "<group>"; };
		9521B9FE2253911F00E9A7A5 /* DatamanagerAlertView.swift */ = {isa = PBXFileReference; lastKnownFileType = sourcecode.swift; path = DatamanagerAlertView.swift; sourceTree = "<group>"; };
		9521BA002253917B00E9A7A5 /* DataManagerPhotos.swift */ = {isa = PBXFileReference; lastKnownFileType = sourcecode.swift; path = DataManagerPhotos.swift; sourceTree = "<group>"; };
		9521BA02225391F800E9A7A5 /* DataManagerAdMob.swift */ = {isa = PBXFileReference; lastKnownFileType = sourcecode.swift; path = DataManagerAdMob.swift; sourceTree = "<group>"; };
		95269EDD21B0888500DBD758 /* DataManager.swift */ = {isa = PBXFileReference; lastKnownFileType = sourcecode.swift; path = DataManager.swift; sourceTree = "<group>"; };
		952B463E22684B710005FD5B /* CAPSPageMenu.swift */ = {isa = PBXFileReference; fileEncoding = 4; lastKnownFileType = sourcecode.swift; path = CAPSPageMenu.swift; sourceTree = "<group>"; };
		952B463F22684B710005FD5B /* CAPSPageMenu+Options.swift */ = {isa = PBXFileReference; fileEncoding = 4; lastKnownFileType = sourcecode.swift; path = "CAPSPageMenu+Options.swift"; sourceTree = "<group>"; };
		952B464022684B710005FD5B /* CAPSPageMenu+UIConfiguration.swift */ = {isa = PBXFileReference; fileEncoding = 4; lastKnownFileType = sourcecode.swift; path = "CAPSPageMenu+UIConfiguration.swift"; sourceTree = "<group>"; };
		952B464122684B710005FD5B /* CAPSPageMenu+UIGestureRecognizerDelegate.swift */ = {isa = PBXFileReference; fileEncoding = 4; lastKnownFileType = sourcecode.swift; path = "CAPSPageMenu+UIGestureRecognizerDelegate.swift"; sourceTree = "<group>"; };
		952B464222684B710005FD5B /* CAPSPageMenu+UIScrollViewDelegate.swift */ = {isa = PBXFileReference; fileEncoding = 4; lastKnownFileType = sourcecode.swift; path = "CAPSPageMenu+UIScrollViewDelegate.swift"; sourceTree = "<group>"; };
		952B464322684B710005FD5B /* CAPSPageMenuConfiguration.swift */ = {isa = PBXFileReference; fileEncoding = 4; lastKnownFileType = sourcecode.swift; path = CAPSPageMenuConfiguration.swift; sourceTree = "<group>"; };
		952B464B22684C350005FD5B /* PageMenuBodyMeasurment.swift */ = {isa = PBXFileReference; lastKnownFileType = sourcecode.swift; path = PageMenuBodyMeasurment.swift; sourceTree = "<group>"; };
		952B464D22684D960005FD5B /* MenuItemView.swift */ = {isa = PBXFileReference; fileEncoding = 4; lastKnownFileType = sourcecode.swift; path = MenuItemView.swift; sourceTree = "<group>"; };
		952B464F2268D95F0005FD5B /* PageMenuInsight.swift */ = {isa = PBXFileReference; lastKnownFileType = sourcecode.swift; path = PageMenuInsight.swift; sourceTree = "<group>"; };
		953385FC2255D395009DBECB /* TaskDelegate.swift */ = {isa = PBXFileReference; fileEncoding = 4; lastKnownFileType = sourcecode.swift; path = TaskDelegate.swift; sourceTree = "<group>"; };
		953385FD2255D395009DBECB /* MultipartFormData.swift */ = {isa = PBXFileReference; fileEncoding = 4; lastKnownFileType = sourcecode.swift; path = MultipartFormData.swift; sourceTree = "<group>"; };
		953385FE2255D395009DBECB /* NetworkReachabilityManager.swift */ = {isa = PBXFileReference; fileEncoding = 4; lastKnownFileType = sourcecode.swift; path = NetworkReachabilityManager.swift; sourceTree = "<group>"; };
		953385FF2255D395009DBECB /* Timeline.swift */ = {isa = PBXFileReference; fileEncoding = 4; lastKnownFileType = sourcecode.swift; path = Timeline.swift; sourceTree = "<group>"; };
		953386002255D395009DBECB /* DispatchQueue+Alamofire.swift */ = {isa = PBXFileReference; fileEncoding = 4; lastKnownFileType = sourcecode.swift; path = "DispatchQueue+Alamofire.swift"; sourceTree = "<group>"; };
		953386012255D395009DBECB /* Result.swift */ = {isa = PBXFileReference; fileEncoding = 4; lastKnownFileType = sourcecode.swift; path = Result.swift; sourceTree = "<group>"; };
		953386022255D395009DBECB /* ParameterEncoding.swift */ = {isa = PBXFileReference; fileEncoding = 4; lastKnownFileType = sourcecode.swift; path = ParameterEncoding.swift; sourceTree = "<group>"; };
		953386032255D395009DBECB /* AFError.swift */ = {isa = PBXFileReference; fileEncoding = 4; lastKnownFileType = sourcecode.swift; path = AFError.swift; sourceTree = "<group>"; };
		953386042255D395009DBECB /* Validation.swift */ = {isa = PBXFileReference; fileEncoding = 4; lastKnownFileType = sourcecode.swift; path = Validation.swift; sourceTree = "<group>"; };
		953386052255D395009DBECB /* Notifications.swift */ = {isa = PBXFileReference; fileEncoding = 4; lastKnownFileType = sourcecode.swift; path = Notifications.swift; sourceTree = "<group>"; };
		953386062255D395009DBECB /* Response.swift */ = {isa = PBXFileReference; fileEncoding = 4; lastKnownFileType = sourcecode.swift; path = Response.swift; sourceTree = "<group>"; };
		953386072255D395009DBECB /* Alamofire.swift */ = {isa = PBXFileReference; fileEncoding = 4; lastKnownFileType = sourcecode.swift; path = Alamofire.swift; sourceTree = "<group>"; };
		953386082255D395009DBECB /* Request.swift */ = {isa = PBXFileReference; fileEncoding = 4; lastKnownFileType = sourcecode.swift; path = Request.swift; sourceTree = "<group>"; };
		953386092255D395009DBECB /* SessionManager.swift */ = {isa = PBXFileReference; fileEncoding = 4; lastKnownFileType = sourcecode.swift; path = SessionManager.swift; sourceTree = "<group>"; };
		9533860A2255D395009DBECB /* ResponseSerialization.swift */ = {isa = PBXFileReference; fileEncoding = 4; lastKnownFileType = sourcecode.swift; path = ResponseSerialization.swift; sourceTree = "<group>"; };
		9533860B2255D395009DBECB /* ServerTrustPolicy.swift */ = {isa = PBXFileReference; fileEncoding = 4; lastKnownFileType = sourcecode.swift; path = ServerTrustPolicy.swift; sourceTree = "<group>"; };
		9533860C2255D395009DBECB /* SessionDelegate.swift */ = {isa = PBXFileReference; fileEncoding = 4; lastKnownFileType = sourcecode.swift; path = SessionDelegate.swift; sourceTree = "<group>"; };
		9533861E2255D423009DBECB /* DownloadManager.swift */ = {isa = PBXFileReference; lastKnownFileType = sourcecode.swift; path = DownloadManager.swift; sourceTree = "<group>"; };
		953386202255DA9C009DBECB /* SupplementSearchedByName.swift */ = {isa = PBXFileReference; lastKnownFileType = sourcecode.swift; path = SupplementSearchedByName.swift; sourceTree = "<group>"; };
		953386222255DAE2009DBECB /* ProductCellForSearched.swift */ = {isa = PBXFileReference; lastKnownFileType = sourcecode.swift; path = ProductCellForSearched.swift; sourceTree = "<group>"; };
		9533863622569176009DBECB /* SkinFoldsRawDataTableview.swift */ = {isa = PBXFileReference; lastKnownFileType = sourcecode.swift; path = SkinFoldsRawDataTableview.swift; sourceTree = "<group>"; };
		9533863A22572AC3009DBECB /* CalssModel.swift */ = {isa = PBXFileReference; lastKnownFileType = sourcecode.swift; path = CalssModel.swift; sourceTree = "<group>"; };
		95338642225B81FE009DBECB /* LabelProductUIView.swift */ = {isa = PBXFileReference; lastKnownFileType = sourcecode.swift; path = LabelProductUIView.swift; sourceTree = "<group>"; };
		95338644225B8219009DBECB /* IngredientsUIView.xib */ = {isa = PBXFileReference; lastKnownFileType = file.xib; path = IngredientsUIView.xib; sourceTree = "<group>"; };
		95338648225BF88E009DBECB /* SupplementDetailsController.swift */ = {isa = PBXFileReference; lastKnownFileType = sourcecode.swift; path = SupplementDetailsController.swift; sourceTree = "<group>"; };
		9533CA6321E3337C00C397DE /* LanguageController.swift */ = {isa = PBXFileReference; lastKnownFileType = sourcecode.swift; path = LanguageController.swift; sourceTree = "<group>"; };
		9541A9E521B1974D004AA622 /* UserDefaultsSettings.swift */ = {isa = PBXFileReference; lastKnownFileType = sourcecode.swift; path = UserDefaultsSettings.swift; sourceTree = "<group>"; };
		9542CD2321BAA2AE00D72B6A /* AllertViewSkinFoldInsertWithGraph.swift */ = {isa = PBXFileReference; lastKnownFileType = sourcecode.swift; path = AllertViewSkinFoldInsertWithGraph.swift; sourceTree = "<group>"; };
		954927E221BE92C100F78FD8 /* GhirtRawDataTableview.swift */ = {isa = PBXFileReference; lastKnownFileType = sourcecode.swift; path = GhirtRawDataTableview.swift; sourceTree = "<group>"; };
		954927E421BE92DA00F78FD8 /* RawDataCell.swift */ = {isa = PBXFileReference; lastKnownFileType = sourcecode.swift; path = RawDataCell.swift; sourceTree = "<group>"; };
		954927EA21BEEFC900F78FD8 /* Istruzioni.rtf */ = {isa = PBXFileReference; fileEncoding = 4; lastKnownFileType = text.rtf; path = Istruzioni.rtf; sourceTree = "<group>"; };
		954927EC21BEF01600F78FD8 /* InstructionController.swift */ = {isa = PBXFileReference; lastKnownFileType = sourcecode.swift; path = InstructionController.swift; sourceTree = "<group>"; };
		954927F121BEFE3200F78FD8 /* Fit Measures.entitlements */ = {isa = PBXFileReference; lastKnownFileType = text.plist.entitlements; path = "Fit Measures.entitlements"; sourceTree = "<group>"; };
		954C4BB0227B7BFF00CDC706 /* PageMenuSettings.swift */ = {isa = PBXFileReference; lastKnownFileType = sourcecode.swift; path = PageMenuSettings.swift; sourceTree = "<group>"; };
		95523A5921B0921700761D1B /* Header.h */ = {isa = PBXFileReference; lastKnownFileType = sourcecode.c.h; path = Header.h; sourceTree = "<group>"; };
		95523AAD21B1132800761D1B /* Model.xcdatamodel */ = {isa = PBXFileReference; lastKnownFileType = wrapper.xcdatamodel; path = Model.xcdatamodel; sourceTree = "<group>"; };
		955592C521B6ECEF0059A83D /* ChartViewController.swift */ = {isa = PBXFileReference; lastKnownFileType = sourcecode.swift; path = ChartViewController.swift; sourceTree = "<group>"; };
		955DBD5E21CBED8C00312E6E /* Extension.swift */ = {isa = PBXFileReference; lastKnownFileType = sourcecode.swift; name = Extension.swift; path = "Fit Measures/Convenient Class/Extension.swift"; sourceTree = SOURCE_ROOT; };
		95685D902227DA7200A2DF56 /* Thumbnail+CoreDataProperties.swift */ = {isa = PBXFileReference; lastKnownFileType = sourcecode.swift; path = "Thumbnail+CoreDataProperties.swift"; sourceTree = "<group>"; };
		95685D912227DA7200A2DF56 /* BodyMeasure+CoreDataProperties.swift */ = {isa = PBXFileReference; lastKnownFileType = sourcecode.swift; path = "BodyMeasure+CoreDataProperties.swift"; sourceTree = "<group>"; };
		95685D922227DA7200A2DF56 /* PlicheMeasure+CoreDataProperties.swift */ = {isa = PBXFileReference; lastKnownFileType = sourcecode.swift; path = "PlicheMeasure+CoreDataProperties.swift"; sourceTree = "<group>"; };
		95685D932227DA7200A2DF56 /* PicFullRes+CoreDataProperties.swift */ = {isa = PBXFileReference; lastKnownFileType = sourcecode.swift; path = "PicFullRes+CoreDataProperties.swift"; sourceTree = "<group>"; };
		956A870521C99EB4009291C1 /* Privacy.rtf */ = {isa = PBXFileReference; fileEncoding = 4; lastKnownFileType = text.rtf; path = Privacy.rtf; sourceTree = "<group>"; };
		957BDA9621CCFDB000E2718F /* NavController.swift */ = {isa = PBXFileReference; fileEncoding = 4; lastKnownFileType = sourcecode.swift; path = NavController.swift; sourceTree = "<group>"; };
		957CC15F21D59F9A00B0AFCF /* method.rtf */ = {isa = PBXFileReference; fileEncoding = 4; lastKnownFileType = text.rtf; path = method.rtf; sourceTree = "<group>"; };
		95946BD921AB458700D534D0 /* iFit Girths & Caliper.app */ = {isa = PBXFileReference; explicitFileType = wrapper.application; includeInIndex = 0; path = "iFit Girths & Caliper.app"; sourceTree = BUILT_PRODUCTS_DIR; };
		95946BDC21AB458700D534D0 /* AppDelegate.swift */ = {isa = PBXFileReference; lastKnownFileType = sourcecode.swift; path = AppDelegate.swift; sourceTree = "<group>"; };
		95946C0C21AB478700D534D0 /* PhotoGallery.swift */ = {isa = PBXFileReference; lastKnownFileType = sourcecode.swift; path = PhotoGallery.swift; sourceTree = "<group>"; };
		95946C0E21AB48EC00D534D0 /* MeasureMainController.swift */ = {isa = PBXFileReference; lastKnownFileType = sourcecode.swift; path = MeasureMainController.swift; sourceTree = "<group>"; };
		95946C1221AB491300D534D0 /* InsightMainController.swift */ = {isa = PBXFileReference; lastKnownFileType = sourcecode.swift; path = InsightMainController.swift; sourceTree = "<group>"; };
		95946C1E21ABCD0300D534D0 /* CustomViewDoubleColor.swift */ = {isa = PBXFileReference; lastKnownFileType = sourcecode.swift; path = CustomViewDoubleColor.swift; sourceTree = "<group>"; };
		95946C2321AC3C9100D534D0 /* MeasureCollectionViewCell.swift */ = {isa = PBXFileReference; lastKnownFileType = sourcecode.swift; path = MeasureCollectionViewCell.swift; sourceTree = "<group>"; };
		95946C9D21AD416600D534D0 /* AllertViewGirthInsert.swift */ = {isa = PBXFileReference; lastKnownFileType = sourcecode.swift; path = AllertViewGirthInsert.swift; sourceTree = "<group>"; };
		9596BBD821C3815C00244C41 /* CameraUse.rtf */ = {isa = PBXFileReference; fileEncoding = 4; lastKnownFileType = text.rtf; path = CameraUse.rtf; sourceTree = "<group>"; };
		9596BBDA21C3899100244C41 /* PicFullResController.swift */ = {isa = PBXFileReference; lastKnownFileType = sourcecode.swift; path = PicFullResController.swift; sourceTree = "<group>"; };
		959B10CE21CA74D600CF2E3F /* Charts.xcodeproj */ = {isa = PBXFileReference; lastKnownFileType = "wrapper.pb-project"; name = Charts.xcodeproj; path = "../Charts-master/Charts.xcodeproj"; sourceTree = "<group>"; };
		959FDEB52274284D00D1BE60 /* Base */ = {isa = PBXFileReference; lastKnownFileType = file.storyboard; name = Base; path = Base.lproj/LaunchScreen.storyboard; sourceTree = "<group>"; };
		959FDEB7227428BB00D1BE60 /* it */ = {isa = PBXFileReference; lastKnownFileType = text.plist.strings; name = it; path = it.lproj/LaunchScreen.strings; sourceTree = "<group>"; };
		959FDEF522742BE800D1BE60 /* Base */ = {isa = PBXFileReference; lastKnownFileType = file.storyboard; name = Base; path = Base.lproj/Main.storyboard; sourceTree = "<group>"; };
		959FDEF822742BF200D1BE60 /* en */ = {isa = PBXFileReference; lastKnownFileType = text.plist.strings; name = en; path = en.lproj/Main.strings; sourceTree = "<group>"; };
		959FDEFA22742C0600D1BE60 /* Base */ = {isa = PBXFileReference; lastKnownFileType = file.storyboard; name = Base; path = Base.lproj/GirthStoryboard.storyboard; sourceTree = "<group>"; };
		959FDEFD22742C0B00D1BE60 /* en */ = {isa = PBXFileReference; lastKnownFileType = text.plist.strings; name = en; path = en.lproj/GirthStoryboard.strings; sourceTree = "<group>"; };
		959FDEFF22742C0D00D1BE60 /* it */ = {isa = PBXFileReference; lastKnownFileType = text.plist.strings; name = it; path = it.lproj/GirthStoryboard.strings; sourceTree = "<group>"; };
		959FDF0122742C1900D1BE60 /* Base */ = {isa = PBXFileReference; lastKnownFileType = file.storyboard; name = Base; path = Base.lproj/SkinFoldStoryboard.storyboard; sourceTree = "<group>"; };
		959FDF0422742C1F00D1BE60 /* en */ = {isa = PBXFileReference; lastKnownFileType = text.plist.strings; name = en; path = en.lproj/SkinFoldStoryboard.strings; sourceTree = "<group>"; };
		959FDF0622742C2C00D1BE60 /* Base */ = {isa = PBXFileReference; lastKnownFileType = file.storyboard; name = Base; path = Base.lproj/CameraStoryboard.storyboard; sourceTree = "<group>"; };
		959FDF0922742C3200D1BE60 /* en */ = {isa = PBXFileReference; lastKnownFileType = text.plist.strings; name = en; path = en.lproj/CameraStoryboard.strings; sourceTree = "<group>"; };
		959FDF0B22742C3300D1BE60 /* it */ = {isa = PBXFileReference; lastKnownFileType = text.plist.strings; name = it; path = it.lproj/CameraStoryboard.strings; sourceTree = "<group>"; };
		959FDF0D22742C3D00D1BE60 /* Base */ = {isa = PBXFileReference; lastKnownFileType = file.storyboard; name = Base; path = Base.lproj/InsightStoryboard.storyboard; sourceTree = "<group>"; };
		959FDF1022742C4100D1BE60 /* en */ = {isa = PBXFileReference; lastKnownFileType = text.plist.strings; name = en; path = en.lproj/InsightStoryboard.strings; sourceTree = "<group>"; };
		959FDF1222742C4200D1BE60 /* it */ = {isa = PBXFileReference; lastKnownFileType = text.plist.strings; name = it; path = it.lproj/InsightStoryboard.strings; sourceTree = "<group>"; };
		959FDF1422742C5700D1BE60 /* Base */ = {isa = PBXFileReference; lastKnownFileType = file.storyboard; name = Base; path = Base.lproj/SettingStoryboard.storyboard; sourceTree = "<group>"; };
		959FDF1722742C5B00D1BE60 /* en */ = {isa = PBXFileReference; lastKnownFileType = text.plist.strings; name = en; path = en.lproj/SettingStoryboard.strings; sourceTree = "<group>"; };
		959FDF1922742C5D00D1BE60 /* it */ = {isa = PBXFileReference; lastKnownFileType = text.plist.strings; name = it; path = it.lproj/SettingStoryboard.strings; sourceTree = "<group>"; };
		959FDF1B22742C6600D1BE60 /* Base */ = {isa = PBXFileReference; lastKnownFileType = file.storyboard; name = Base; path = Base.lproj/SupplementStoryboard.storyboard; sourceTree = "<group>"; };
		959FDF1E22742C6C00D1BE60 /* en */ = {isa = PBXFileReference; lastKnownFileType = text.plist.strings; name = en; path = en.lproj/SupplementStoryboard.strings; sourceTree = "<group>"; };
		959FDF2022742C7300D1BE60 /* it */ = {isa = PBXFileReference; lastKnownFileType = text.plist.strings; name = it; path = it.lproj/SupplementStoryboard.strings; sourceTree = "<group>"; };
		959FDF2122742C7E00D1BE60 /* it */ = {isa = PBXFileReference; lastKnownFileType = text.plist.strings; name = it; path = it.lproj/Main.strings; sourceTree = "<group>"; };
		959FDF2322742C9200D1BE60 /* it */ = {isa = PBXFileReference; lastKnownFileType = text.plist.strings; name = it; path = it.lproj/SkinFoldStoryboard.strings; sourceTree = "<group>"; };
		959FDF2D22742F6A00D1BE60 /* en */ = {isa = PBXFileReference; lastKnownFileType = text.plist.strings; name = en; path = en.lproj/Localizable.strings; sourceTree = "<group>"; };
		959FDF2F22742F7300D1BE60 /* it */ = {isa = PBXFileReference; lastKnownFileType = text.plist.strings; name = it; path = it.lproj/Localizable.strings; sourceTree = "<group>"; };
		959FDF31227445CF00D1BE60 /* it */ = {isa = PBXFileReference; lastKnownFileType = text.plist.strings; name = it; path = it.lproj/InfoPlist.strings; sourceTree = "<group>"; };
		95A05D9421D24A450033B0AB /* SkinFoldsRawValuDetails.swift */ = {isa = PBXFileReference; lastKnownFileType = sourcecode.swift; path = SkinFoldsRawValuDetails.swift; sourceTree = "<group>"; };
		95A1F89A21B43ADF005B6CC5 /* lastMeasureCell.swift */ = {isa = PBXFileReference; lastKnownFileType = sourcecode.swift; path = lastMeasureCell.swift; sourceTree = "<group>"; };
		95ACDF3E21C7AAAB003A77BD /* HealthManager.swift */ = {isa = PBXFileReference; fileEncoding = 4; lastKnownFileType = sourcecode.swift; path = HealthManager.swift; sourceTree = "<group>"; };
		95ACDF4121C812DE003A77BD /* HealthKit.framework */ = {isa = PBXFileReference; lastKnownFileType = wrapper.framework; name = HealthKit.framework; path = System/Library/Frameworks/HealthKit.framework; sourceTree = SDKROOT; };
		95C6AE2E224141C5000C48C6 /* IAPHelper.swift */ = {isa = PBXFileReference; lastKnownFileType = sourcecode.swift; path = IAPHelper.swift; sourceTree = "<group>"; };
		95C6AE3022414224000C48C6 /* GandCProducts.swift */ = {isa = PBXFileReference; lastKnownFileType = sourcecode.swift; path = GandCProducts.swift; sourceTree = "<group>"; };
		95C6AE34224146E7000C48C6 /* ShoppingController.swift */ = {isa = PBXFileReference; lastKnownFileType = sourcecode.swift; path = ShoppingController.swift; sourceTree = "<group>"; };
		95C6AE36224148FD000C48C6 /* ProductCell.swift */ = {isa = PBXFileReference; lastKnownFileType = sourcecode.swift; path = ProductCell.swift; sourceTree = "<group>"; };
		95D64C8921E3778A0071532C /* methodIta.rtf */ = {isa = PBXFileReference; fileEncoding = 4; lastKnownFileType = text.rtf; path = methodIta.rtf; sourceTree = "<group>"; };
		95D64C8D21E4939C0071532C /* Istruzioni_Ita.rtf */ = {isa = PBXFileReference; fileEncoding = 4; lastKnownFileType = text.rtf; path = Istruzioni_Ita.rtf; sourceTree = "<group>"; };
		95D64C8F21E499D80071532C /* CameraUse_it.rtf */ = {isa = PBXFileReference; fileEncoding = 4; lastKnownFileType = text.rtf; path = CameraUse_it.rtf; sourceTree = "<group>"; };
		95D97A20226492E9002A4515 /* SupplemetInsertedManuallyController.swift */ = {isa = PBXFileReference; lastKnownFileType = sourcecode.swift; path = SupplemetInsertedManuallyController.swift; sourceTree = "<group>"; };
		95D97A26226493B0002A4515 /* CameraManager.swift */ = {isa = PBXFileReference; fileEncoding = 4; lastKnownFileType = sourcecode.swift; path = CameraManager.swift; sourceTree = "<group>"; };
		95D97A2822663B07002A4515 /* AppDelegateExtension.swift */ = {isa = PBXFileReference; lastKnownFileType = sourcecode.swift; path = AppDelegateExtension.swift; sourceTree = "<group>"; };
		95D98AAE22798F9B005919D0 /* ExtensionAppDelegateInAppPurchase.swift */ = {isa = PBXFileReference; lastKnownFileType = sourcecode.swift; path = ExtensionAppDelegateInAppPurchase.swift; sourceTree = "<group>"; };
		95DB84A921ADA84D00D13E6A /* StaticClass.swift */ = {isa = PBXFileReference; lastKnownFileType = sourcecode.swift; path = StaticClass.swift; sourceTree = "<group>"; };
		95DB84AB21ADB1F300D13E6A /* PlicoMainControllerTable.swift */ = {isa = PBXFileReference; lastKnownFileType = sourcecode.swift; path = PlicoMainControllerTable.swift; sourceTree = "<group>"; };
		95DB84AD21ADE98800D13E6A /* PlicheMoethodController.swift */ = {isa = PBXFileReference; lastKnownFileType = sourcecode.swift; path = PlicheMoethodController.swift; sourceTree = "<group>"; };
		95DB84AF21ADF02F00D13E6A /* PlicheMetCollectionViewCell.swift */ = {isa = PBXFileReference; lastKnownFileType = sourcecode.swift; path = PlicheMetCollectionViewCell.swift; sourceTree = "<group>"; };
		95DB84B121ADF37600D13E6A /* AllertViewSkinFoldInsert.swift */ = {isa = PBXFileReference; lastKnownFileType = sourcecode.swift; path = AllertViewSkinFoldInsert.swift; sourceTree = "<group>"; };
		95DB84B621AECA6600D13E6A /* SettingsMainTableViewController.swift */ = {isa = PBXFileReference; lastKnownFileType = sourcecode.swift; path = SettingsMainTableViewController.swift; sourceTree = "<group>"; };
		95DB84C221AEE1ED00D13E6A /* Credit.rtf */ = {isa = PBXFileReference; fileEncoding = 4; lastKnownFileType = text.rtf; path = Credit.rtf; sourceTree = "<group>"; };
		95DB84C521AEE25400D13E6A /* PrivacyController.swift */ = {isa = PBXFileReference; fileEncoding = 4; lastKnownFileType = sourcecode.swift; path = PrivacyController.swift; sourceTree = "<group>"; };
		95DB84CA21AFF73D00D13E6A /* PicturesCell.swift */ = {isa = PBXFileReference; lastKnownFileType = sourcecode.swift; path = PicturesCell.swift; sourceTree = "<group>"; };
		95DB84D521B0074700D13E6A /* CameraViewController.swift */ = {isa = PBXFileReference; lastKnownFileType = sourcecode.swift; path = CameraViewController.swift; sourceTree = "<group>"; };
		95DD85862255C41200087CEB /* SwiftyJSON.swift */ = {isa = PBXFileReference; fileEncoding = 4; lastKnownFileType = sourcecode.swift; path = SwiftyJSON.swift; sourceTree = "<group>"; };
		95E9B4D821C8DA0E00C8A076 /* VirtualPlane.swift */ = {isa = PBXFileReference; fileEncoding = 4; lastKnownFileType = sourcecode.swift; path = VirtualPlane.swift; sourceTree = "<group>"; };
		95E9B4DB21C8DA1900C8A076 /* my.scnassets */ = {isa = PBXFileReference; lastKnownFileType = wrapper.scnassets; path = my.scnassets; sourceTree = "<group>"; };
		95EB82EE21E7B1C200AB639D /* BodyMeasure+CoreDataClass.swift */ = {isa = PBXFileReference; lastKnownFileType = sourcecode.swift; path = "BodyMeasure+CoreDataClass.swift"; sourceTree = "<group>"; };
		95EB82F021E7B1C200AB639D /* PicFullRes+CoreDataClass.swift */ = {isa = PBXFileReference; lastKnownFileType = sourcecode.swift; path = "PicFullRes+CoreDataClass.swift"; sourceTree = "<group>"; };
		95EB82F221E7B1C200AB639D /* PlicheMeasure+CoreDataClass.swift */ = {isa = PBXFileReference; lastKnownFileType = sourcecode.swift; path = "PlicheMeasure+CoreDataClass.swift"; sourceTree = "<group>"; };
		95EB82F421E7B1C200AB639D /* Thumbnail+CoreDataClass.swift */ = {isa = PBXFileReference; lastKnownFileType = sourcecode.swift; path = "Thumbnail+CoreDataClass.swift"; sourceTree = "<group>"; };
		95ECB4E522746BFA00791A10 /* SnapshotHelper.swift */ = {isa = PBXFileReference; fileEncoding = 4; lastKnownFileType = sourcecode.swift; path = SnapshotHelper.swift; sourceTree = "<group>"; };
		95ECB4F7227485CC00791A10 /* en */ = {isa = PBXFileReference; lastKnownFileType = text.plist.strings; name = en; path = en.lproj/LaunchScreen.strings; sourceTree = "<group>"; };
		95F21A672254BC4900049520 /* ScannerHelper.swift */ = {isa = PBXFileReference; lastKnownFileType = sourcecode.swift; path = ScannerHelper.swift; sourceTree = "<group>"; };
		95F21A6D2254C55C00049520 /* UserSupplementListAndScan.swift */ = {isa = PBXFileReference; lastKnownFileType = sourcecode.swift; path = UserSupplementListAndScan.swift; sourceTree = "<group>"; };
		95F9796F227C831100E6E08E /* it */ = {isa = PBXFileReference; lastKnownFileType = text.plist.xml; name = it; path = it.lproj/Info.plist; sourceTree = "<group>"; };
		95F97971227C831E00E6E08E /* en */ = {isa = PBXFileReference; lastKnownFileType = text.plist.xml; name = en; path = en.lproj/Info.plist; sourceTree = "<group>"; };
/* End PBXFileReference section */

/* Begin PBXFrameworksBuildPhase section */
		95095326226D8C7E002E89DB /* Frameworks */ = {
			isa = PBXFrameworksBuildPhase;
			buildActionMask = 2147483647;
			files = (
			);
			runOnlyForDeploymentPostprocessing = 0;
		};
		95946BD621AB458700D534D0 /* Frameworks */ = {
			isa = PBXFrameworksBuildPhase;
			buildActionMask = 2147483647;
			files = (
				951AD5F92227D7BA009E046A /* CloudKit.framework in Frameworks */,
				951AD60B2227D825009E046A /* Ensembles.framework in Frameworks */,
				9521B9F3224E0CE000E9A7A5 /* GoogleMobileAds.framework in Frameworks */,
				9521B9F1224E0CE000E9A7A5 /* GoogleAppMeasurement.framework in Frameworks */,
				9521B9F2224E0CE000E9A7A5 /* nanopb.framework in Frameworks */,
				95ACDF4221C812DE003A77BD /* HealthKit.framework in Frameworks */,
				9521B9F0224E0CE000E9A7A5 /* GoogleUtilities.framework in Frameworks */,
				959B10DD21CA751500CF2E3F /* Charts.framework in Frameworks */,
			);
			runOnlyForDeploymentPostprocessing = 0;
		};
/* End PBXFrameworksBuildPhase section */

/* Begin PBXGroup section */
		9509532A226D8C7E002E89DB /* fit UITests */ = {
			isa = PBXGroup;
			children = (
				9509532B226D8C7E002E89DB /* fit_UITests.swift */,
				9509532D226D8C7E002E89DB /* Info.plist */,
			);
			path = "fit UITests";
			sourceTree = "<group>";
		};
		951AD5FB2227D7E8009E046A /* Products */ = {
			isa = PBXGroup;
			children = (
				951AD6042227D7E8009E046A /* libensembles.a */,
				951AD6062227D7E8009E046A /* Ensembles.bundle */,
				951AD6082227D7E8009E046A /* Tests iOS.xctest */,
				951AD60A2227D7E8009E046A /* Ensembles.framework */,
			);
			name = Products;
			sourceTree = "<group>";
		};
		9521BA04225392B800E9A7A5 /* DataManagerApp */ = {
			isa = PBXGroup;
			children = (
				95269EDD21B0888500DBD758 /* DataManager.swift */,
				9521BA002253917B00E9A7A5 /* DataManagerPhotos.swift */,
				9521B9F822538F9700E9A7A5 /* DataManagerGirth.swift */,
				9521B9FE2253911F00E9A7A5 /* DatamanagerAlertView.swift */,
				9521BA02225391F800E9A7A5 /* DataManagerAdMob.swift */,
				9521B9FA22538FB700E9A7A5 /* DataManagerSkinFold.swift */,
				9521B9FC22538FE000E9A7A5 /* DataManagerVersionCheck.swift */,
				950B716D22630E1A00596167 /* DataManagerSupplement.swift */,
			);
			path = DataManagerApp;
			sourceTree = "<group>";
		};
		952B464A22684B810005FD5B /* PageMenu */ = {
			isa = PBXGroup;
			children = (
				952B463E22684B710005FD5B /* CAPSPageMenu.swift */,
				952B464D22684D960005FD5B /* MenuItemView.swift */,
				952B463F22684B710005FD5B /* CAPSPageMenu+Options.swift */,
				952B464022684B710005FD5B /* CAPSPageMenu+UIConfiguration.swift */,
				952B464122684B710005FD5B /* CAPSPageMenu+UIGestureRecognizerDelegate.swift */,
				952B464222684B710005FD5B /* CAPSPageMenu+UIScrollViewDelegate.swift */,
				952B464322684B710005FD5B /* CAPSPageMenuConfiguration.swift */,
			);
			path = PageMenu;
			sourceTree = "<group>";
		};
		953385FB2255D395009DBECB /* Alamofire */ = {
			isa = PBXGroup;
			children = (
				953385FC2255D395009DBECB /* TaskDelegate.swift */,
				953385FD2255D395009DBECB /* MultipartFormData.swift */,
				953385FE2255D395009DBECB /* NetworkReachabilityManager.swift */,
				953385FF2255D395009DBECB /* Timeline.swift */,
				953386002255D395009DBECB /* DispatchQueue+Alamofire.swift */,
				953386012255D395009DBECB /* Result.swift */,
				953386022255D395009DBECB /* ParameterEncoding.swift */,
				953386032255D395009DBECB /* AFError.swift */,
				953386042255D395009DBECB /* Validation.swift */,
				953386052255D395009DBECB /* Notifications.swift */,
				953386062255D395009DBECB /* Response.swift */,
				953386072255D395009DBECB /* Alamofire.swift */,
				953386082255D395009DBECB /* Request.swift */,
				953386092255D395009DBECB /* SessionManager.swift */,
				9533860A2255D395009DBECB /* ResponseSerialization.swift */,
				9533860B2255D395009DBECB /* ServerTrustPolicy.swift */,
				9533860C2255D395009DBECB /* SessionDelegate.swift */,
			);
			path = Alamofire;
			sourceTree = "<group>";
		};
		9533863222568F54009DBECB /* Library */ = {
			isa = PBXGroup;
			children = (
				952B464A22684B810005FD5B /* PageMenu */,
				95DD85862255C41200087CEB /* SwiftyJSON.swift */,
				953385FB2255D395009DBECB /* Alamofire */,
			);
			path = Library;
			sourceTree = "<group>";
		};
		9533863322568FDA009DBECB /* Storyboard */ = {
			isa = PBXGroup;
			children = (
				959FDEF622742BE800D1BE60 /* Main.storyboard */,
				959FDEFB22742C0600D1BE60 /* GirthStoryboard.storyboard */,
				959FDF0222742C1900D1BE60 /* SkinFoldStoryboard.storyboard */,
				959FDF0722742C2C00D1BE60 /* CameraStoryboard.storyboard */,
				959FDF0E22742C3D00D1BE60 /* InsightStoryboard.storyboard */,
				959FDF1522742C5700D1BE60 /* SettingStoryboard.storyboard */,
				959FDF1C22742C6600D1BE60 /* SupplementStoryboard.storyboard */,
				95946BE721AB458800D534D0 /* LaunchScreen.storyboard */,
				959FDF2E22742F6A00D1BE60 /* Localizable.strings */,
			);
			path = Storyboard;
			sourceTree = "<group>";
		};
		9533863422569070009DBECB /* In-App */ = {
			isa = PBXGroup;
			children = (
				95C6AE34224146E7000C48C6 /* ShoppingController.swift */,
				950D787022497ACB00542CD7 /* PurchaseInfoController.swift */,
				95C6AE36224148FD000C48C6 /* ProductCell.swift */,
			);
			path = "In-App";
			sourceTree = "<group>";
		};
		953386352256909C009DBECB /* RTFControllers */ = {
			isa = PBXGroup;
			children = (
				9534E9FE21D64F3300F5801E /* rtfFiles */,
				95DB84C521AEE25400D13E6A /* PrivacyController.swift */,
				954927EC21BEF01600F78FD8 /* InstructionController.swift */,
			);
			path = RTFControllers;
			sourceTree = "<group>";
		};
		95338638225691D3009DBECB /* RawData */ = {
			isa = PBXGroup;
			children = (
				954927E421BE92DA00F78FD8 /* RawDataCell.swift */,
				954927E221BE92C100F78FD8 /* GhirtRawDataTableview.swift */,
				9533863622569176009DBECB /* SkinFoldsRawDataTableview.swift */,
				9506885B21D01D9C006AC1DB /* measureRowValueDetails.swift */,
				95A05D9421D24A450033B0AB /* SkinFoldsRawValuDetails.swift */,
			);
			path = RawData;
			sourceTree = "<group>";
		};
		9533863922569269009DBECB /* Supplement */ = {
			isa = PBXGroup;
			children = (
				95F21A6D2254C55C00049520 /* UserSupplementListAndScan.swift */,
				95D97A20226492E9002A4515 /* SupplemetInsertedManuallyController.swift */,
				95338648225BF88E009DBECB /* SupplementDetailsController.swift */,
				953386202255DA9C009DBECB /* SupplementSearchedByName.swift */,
				953386222255DAE2009DBECB /* ProductCellForSearched.swift */,
				950B716F22632C1200596167 /* SelectedProductCell.swift */,
				9533863A22572AC3009DBECB /* CalssModel.swift */,
				95338642225B81FE009DBECB /* LabelProductUIView.swift */,
				95338644225B8219009DBECB /* IngredientsUIView.xib */,
				950B717D226460C800596167 /* CirclePieView.swift */,
			);
			path = Supplement;
			sourceTree = "<group>";
		};
		9534E9FE21D64F3300F5801E /* rtfFiles */ = {
			isa = PBXGroup;
			children = (
				957CC15F21D59F9A00B0AFCF /* method.rtf */,
				95D64C8D21E4939C0071532C /* Istruzioni_Ita.rtf */,
				95D64C8921E3778A0071532C /* methodIta.rtf */,
				95DB84C221AEE1ED00D13E6A /* Credit.rtf */,
				956A870521C99EB4009291C1 /* Privacy.rtf */,
				954927EA21BEEFC900F78FD8 /* Istruzioni.rtf */,
			);
			path = rtfFiles;
			sourceTree = "<group>";
		};
		95523AD221B12EF100761D1B /* CoreData */ = {
			isa = PBXGroup;
			children = (
				950B71752263551800596167 /* Supplement+CoreDataClass.swift */,
				950B71762263551800596167 /* Supplement+CoreDataProperties.swift */,
				95685D902227DA7200A2DF56 /* Thumbnail+CoreDataProperties.swift */,
				95685D912227DA7200A2DF56 /* BodyMeasure+CoreDataProperties.swift */,
				95685D922227DA7200A2DF56 /* PlicheMeasure+CoreDataProperties.swift */,
				95685D932227DA7200A2DF56 /* PicFullRes+CoreDataProperties.swift */,
				95EB82EE21E7B1C200AB639D /* BodyMeasure+CoreDataClass.swift */,
				95EB82F021E7B1C200AB639D /* PicFullRes+CoreDataClass.swift */,
				95EB82F221E7B1C200AB639D /* PlicheMeasure+CoreDataClass.swift */,
				95EB82F421E7B1C200AB639D /* Thumbnail+CoreDataClass.swift */,
				95523AAC21B1132800761D1B /* Model.xcdatamodeld */,
			);
			path = CoreData;
			sourceTree = "<group>";
		};
		9552EF2021BE923B00D12001 /* Settings */ = {
			isa = PBXGroup;
			children = (
				95DB84B621AECA6600D13E6A /* SettingsMainTableViewController.swift */,
				9533CA6321E3337C00C397DE /* LanguageController.swift */,
				9533863422569070009DBECB /* In-App */,
				95338638225691D3009DBECB /* RawData */,
				953386352256909C009DBECB /* RTFControllers */,
			);
			path = Settings;
			sourceTree = "<group>";
		};
		95946BD021AB458700D534D0 = {
			isa = PBXGroup;
			children = (
				951AD5FA2227D7E8009E046A /* Ensembles iOS.xcodeproj */,
				959B10CE21CA74D600CF2E3F /* Charts.xcodeproj */,
				95946BDC21AB458700D534D0 /* AppDelegate.swift */,
				95ECB4E522746BFA00791A10 /* SnapshotHelper.swift */,
				9533863322568FDA009DBECB /* Storyboard */,
				95D64C8B21E480830071532C /* Manager */,
				95523AD221B12EF100761D1B /* CoreData */,
				95946BDB21AB458700D534D0 /* Fit Measures */,
				9509532A226D8C7E002E89DB /* fit UITests */,
				95946BDA21AB458700D534D0 /* Products */,
				95ACDF4021C812DE003A77BD /* Frameworks */,
			);
			sourceTree = "<group>";
		};
		95946BDA21AB458700D534D0 /* Products */ = {
			isa = PBXGroup;
			children = (
				95946BD921AB458700D534D0 /* iFit Girths & Caliper.app */,
				95095329226D8C7E002E89DB /* fit UITests.xctest */,
			);
			name = Products;
			sourceTree = "<group>";
		};
		95946BDB21AB458700D534D0 /* Fit Measures */ = {
			isa = PBXGroup;
			children = (
				9521B9F6225017FA00E9A7A5 /* Assets.xcassets */,
				95523A5921B0921700761D1B /* Header.h */,
				95F97970227C831100E6E08E /* Info.plist */,
				959FDF30227445CF00D1BE60 /* InfoPlist.strings */,
				954927F121BEFE3200F78FD8 /* Fit Measures.entitlements */,
				95DB84D321B006ED00D13E6A /* Girth */,
				95DB84D221B006C900D13E6A /* SkinFold */,
				95DB84D421B0070C00D13E6A /* Camera */,
				95A1F89721B43AAD005B6CC5 /* Insight */,
				9533863922569269009DBECB /* Supplement */,
				9552EF2021BE923B00D12001 /* Settings */,
				95DB84A821ADA82600D13E6A /* Convenient Class */,
				95946C1821AB4C7E00D534D0 /* Custom Class */,
				9533863222568F54009DBECB /* Library */,
			);
			path = "Fit Measures";
			sourceTree = "<group>";
		};
		95946C1821AB4C7E00D534D0 /* Custom Class */ = {
			isa = PBXGroup;
			children = (
				95084E3621D4AAC200EF307A /* AllertViewIntro.swift */,
				95946C9D21AD416600D534D0 /* AllertViewGirthInsert.swift */,
				95DB84B121ADF37600D13E6A /* AllertViewSkinFoldInsert.swift */,
				9542CD2321BAA2AE00D72B6A /* AllertViewSkinFoldInsertWithGraph.swift */,
				95946C1E21ABCD0300D534D0 /* CustomViewDoubleColor.swift */,
				957BDA9621CCFDB000E2718F /* NavController.swift */,
				952B464B22684C350005FD5B /* PageMenuBodyMeasurment.swift */,
				952B464F2268D95F0005FD5B /* PageMenuInsight.swift */,
				954C4BB0227B7BFF00CDC706 /* PageMenuSettings.swift */,
			);
			path = "Custom Class";
			sourceTree = "<group>";
		};
		959B10CF21CA74D600CF2E3F /* Products */ = {
			isa = PBXGroup;
			children = (
				959B10D421CA74D600CF2E3F /* Charts.framework */,
			);
			name = Products;
			sourceTree = "<group>";
		};
		95A1F89721B43AAD005B6CC5 /* Insight */ = {
			isa = PBXGroup;
			children = (
				95946C1221AB491300D534D0 /* InsightMainController.swift */,
				95946C0C21AB478700D534D0 /* PhotoGallery.swift */,
				9596BBDA21C3899100244C41 /* PicFullResController.swift */,
				955592C521B6ECEF0059A83D /* ChartViewController.swift */,
				95A1F89A21B43ADF005B6CC5 /* lastMeasureCell.swift */,
			);
			path = Insight;
			sourceTree = "<group>";
		};
		95ACDF4021C812DE003A77BD /* Frameworks */ = {
			isa = PBXGroup;
			children = (
				9521B9ED224E0CDE00E9A7A5 /* GoogleAppMeasurement.framework */,
				9521B9EF224E0CE000E9A7A5 /* GoogleMobileAds.framework */,
				9521B9E8224E0CDE00E9A7A5 /* GoogleUtilities.framework */,
				9521B9EE224E0CDE00E9A7A5 /* nanopb.framework */,
				951AD5F82227D7BA009E046A /* CloudKit.framework */,
				95ACDF4121C812DE003A77BD /* HealthKit.framework */,
			);
			name = Frameworks;
			sourceTree = "<group>";
		};
		95D64C8B21E480830071532C /* Manager */ = {
			isa = PBXGroup;
			children = (
				9521BA04225392B800E9A7A5 /* DataManagerApp */,
				9533861E2255D423009DBECB /* DownloadManager.swift */,
				95D97A26226493B0002A4515 /* CameraManager.swift */,
				9506885321CF90F3006AC1DB /* AppStoreManager.swift */,
				95F21A672254BC4900049520 /* ScannerHelper.swift */,
				95ACDF3E21C7AAAB003A77BD /* HealthManager.swift */,
				95C6AE2E224141C5000C48C6 /* IAPHelper.swift */,
				95C6AE3022414224000C48C6 /* GandCProducts.swift */,
				95D97A2822663B07002A4515 /* AppDelegateExtension.swift */,
				95D98AAE22798F9B005919D0 /* ExtensionAppDelegateInAppPurchase.swift */,
			);
			path = Manager;
			sourceTree = "<group>";
		};
		95DB84A821ADA82600D13E6A /* Convenient Class */ = {
			isa = PBXGroup;
			children = (
				955DBD5E21CBED8C00312E6E /* Extension.swift */,
				95DB84A921ADA84D00D13E6A /* StaticClass.swift */,
				95153BB621CC05DC0031FFB9 /* enum.swift */,
				9541A9E521B1974D004AA622 /* UserDefaultsSettings.swift */,
			);
			path = "Convenient Class";
			sourceTree = "<group>";
		};
		95DB84D221B006C900D13E6A /* SkinFold */ = {
			isa = PBXGroup;
			children = (
				95DB84AB21ADB1F300D13E6A /* PlicoMainControllerTable.swift */,
				95DB84AD21ADE98800D13E6A /* PlicheMoethodController.swift */,
				95DB84AF21ADF02F00D13E6A /* PlicheMetCollectionViewCell.swift */,
			);
			path = SkinFold;
			sourceTree = "<group>";
		};
		95DB84D321B006ED00D13E6A /* Girth */ = {
			isa = PBXGroup;
			children = (
				95946C0E21AB48EC00D534D0 /* MeasureMainController.swift */,
				95946C2321AC3C9100D534D0 /* MeasureCollectionViewCell.swift */,
			);
			path = Girth;
			sourceTree = "<group>";
		};
		95DB84D421B0070C00D13E6A /* Camera */ = {
			isa = PBXGroup;
			children = (
				95E9B4D421C8D9F000C8A076 /* AReality */,
				95DB84D521B0074700D13E6A /* CameraViewController.swift */,
				95DB84CA21AFF73D00D13E6A /* PicturesCell.swift */,
				95D64C8F21E499D80071532C /* CameraUse_it.rtf */,
				9596BBD821C3815C00244C41 /* CameraUse.rtf */,
			);
			path = Camera;
			sourceTree = "<group>";
		};
		95E9B4D421C8D9F000C8A076 /* AReality */ = {
			isa = PBXGroup;
			children = (
				95E9B4DB21C8DA1900C8A076 /* my.scnassets */,
				95E9B4D821C8DA0E00C8A076 /* VirtualPlane.swift */,
			);
			path = AReality;
			sourceTree = "<group>";
		};
/* End PBXGroup section */

/* Begin PBXNativeTarget section */
		95095328226D8C7E002E89DB /* fit UITests */ = {
			isa = PBXNativeTarget;
			buildConfigurationList = 95095336226D8C7E002E89DB /* Build configuration list for PBXNativeTarget "fit UITests" */;
			buildPhases = (
				95095325226D8C7E002E89DB /* Sources */,
				95095326226D8C7E002E89DB /* Frameworks */,
				95095327226D8C7E002E89DB /* Resources */,
			);
			buildRules = (
			);
			dependencies = (
				9509532F226D8C7E002E89DB /* PBXTargetDependency */,
			);
			name = "fit UITests";
			productName = "fit UITests";
			productReference = 95095329226D8C7E002E89DB /* fit UITests.xctest */;
			productType = "com.apple.product-type.bundle.ui-testing";
		};
		95946BD821AB458700D534D0 /* iFit Girths & Caliper */ = {
			isa = PBXNativeTarget;
			buildConfigurationList = 95946C0321AB458800D534D0 /* Build configuration list for PBXNativeTarget "iFit Girths & Caliper" */;
			buildPhases = (
				95946BD521AB458700D534D0 /* Sources */,
				95946BD621AB458700D534D0 /* Frameworks */,
				95946BD721AB458700D534D0 /* Resources */,
				95DB84DE21B014DD00D13E6A /* Embed Frameworks */,
				95E9B4DD21C8DEC400C8A076 /* ShellScript */,
			);
			buildRules = (
			);
			dependencies = (
				959B10E021CA751500CF2E3F /* PBXTargetDependency */,
				951AD60E2227D825009E046A /* PBXTargetDependency */,
			);
			name = "iFit Girths & Caliper";
			productName = "Fit Measures";
			productReference = 95946BD921AB458700D534D0 /* iFit Girths & Caliper.app */;
			productType = "com.apple.product-type.application";
		};
/* End PBXNativeTarget section */

/* Begin PBXProject section */
		95946BD121AB458700D534D0 /* Project object */ = {
			isa = PBXProject;
			attributes = {
				LastSwiftUpdateCheck = 1020;
				LastUpgradeCheck = 1010;
				ORGANIZATIONNAME = "Alberto Lunardini";
				TargetAttributes = {
					95095328226D8C7E002E89DB = {
						CreatedOnToolsVersion = 10.2.1;
						TestTargetID = 95946BD821AB458700D534D0;
					};
					95946BD821AB458700D534D0 = {
						CreatedOnToolsVersion = 10.1;
						SystemCapabilities = {
							com.apple.HealthKit = {
								enabled = 1;
							};
							com.apple.Keychain = {
								enabled = 0;
							};
							com.apple.Push = {
								enabled = 1;
							};
							com.apple.iCloud = {
								enabled = 1;
							};
						};
					};
				};
			};
			buildConfigurationList = 95946BD421AB458700D534D0 /* Build configuration list for PBXProject "iFit Girths & Caliper" */;
			compatibilityVersion = "Xcode 9.3";
			developmentRegion = en;
			hasScannedForEncodings = 0;
			knownRegions = (
				en,
				Base,
				it,
			);
			mainGroup = 95946BD021AB458700D534D0;
			productRefGroup = 95946BDA21AB458700D534D0 /* Products */;
			projectDirPath = "";
			projectReferences = (
				{
					ProductGroup = 959B10CF21CA74D600CF2E3F /* Products */;
					ProjectRef = 959B10CE21CA74D600CF2E3F /* Charts.xcodeproj */;
				},
				{
					ProductGroup = 951AD5FB2227D7E8009E046A /* Products */;
					ProjectRef = 951AD5FA2227D7E8009E046A /* Ensembles iOS.xcodeproj */;
				},
			);
			projectRoot = "";
			targets = (
				95946BD821AB458700D534D0 /* iFit Girths & Caliper */,
				95095328226D8C7E002E89DB /* fit UITests */,
			);
		};
/* End PBXProject section */

/* Begin PBXReferenceProxy section */
		951AD6042227D7E8009E046A /* libensembles.a */ = {
			isa = PBXReferenceProxy;
			fileType = archive.ar;
			path = libensembles.a;
			remoteRef = 951AD6032227D7E8009E046A /* PBXContainerItemProxy */;
			sourceTree = BUILT_PRODUCTS_DIR;
		};
		951AD6062227D7E8009E046A /* Ensembles.bundle */ = {
			isa = PBXReferenceProxy;
			fileType = wrapper.cfbundle;
			path = Ensembles.bundle;
			remoteRef = 951AD6052227D7E8009E046A /* PBXContainerItemProxy */;
			sourceTree = BUILT_PRODUCTS_DIR;
		};
		951AD6082227D7E8009E046A /* Tests iOS.xctest */ = {
			isa = PBXReferenceProxy;
			fileType = wrapper.cfbundle;
			path = "Tests iOS.xctest";
			remoteRef = 951AD6072227D7E8009E046A /* PBXContainerItemProxy */;
			sourceTree = BUILT_PRODUCTS_DIR;
		};
		951AD60A2227D7E8009E046A /* Ensembles.framework */ = {
			isa = PBXReferenceProxy;
			fileType = wrapper.framework;
			path = Ensembles.framework;
			remoteRef = 951AD6092227D7E8009E046A /* PBXContainerItemProxy */;
			sourceTree = BUILT_PRODUCTS_DIR;
		};
		959B10D421CA74D600CF2E3F /* Charts.framework */ = {
			isa = PBXReferenceProxy;
			fileType = wrapper.framework;
			path = Charts.framework;
			remoteRef = 959B10D321CA74D600CF2E3F /* PBXContainerItemProxy */;
			sourceTree = BUILT_PRODUCTS_DIR;
		};
/* End PBXReferenceProxy section */

/* Begin PBXResourcesBuildPhase section */
		95095327226D8C7E002E89DB /* Resources */ = {
			isa = PBXResourcesBuildPhase;
			buildActionMask = 2147483647;
			files = (
			);
			runOnlyForDeploymentPostprocessing = 0;
		};
		95946BD721AB458700D534D0 /* Resources */ = {
			isa = PBXResourcesBuildPhase;
			buildActionMask = 2147483647;
			files = (
				959FDF1322742C5700D1BE60 /* SettingStoryboard.storyboard in Resources */,
				959FDF32227445CF00D1BE60 /* InfoPlist.strings in Resources */,
				95946BE921AB458800D534D0 /* LaunchScreen.storyboard in Resources */,
				95D64C8E21E4939C0071532C /* Istruzioni_Ita.rtf in Resources */,
				95D64C8A21E3778A0071532C /* methodIta.rtf in Resources */,
				959FDF0522742C2C00D1BE60 /* CameraStoryboard.storyboard in Resources */,
				959FDF2C22742F6A00D1BE60 /* Localizable.strings in Resources */,
				956A870621C99EB4009291C1 /* Privacy.rtf in Resources */,
				959FDF0022742C1900D1BE60 /* SkinFoldStoryboard.storyboard in Resources */,
				959FDF1A22742C6600D1BE60 /* SupplementStoryboard.storyboard in Resources */,
				9596BBD921C3815C00244C41 /* CameraUse.rtf in Resources */,
				959FDEF922742C0600D1BE60 /* GirthStoryboard.storyboard in Resources */,
				9521B9F7225017FA00E9A7A5 /* Assets.xcassets in Resources */,
				954927EB21BEEFC900F78FD8 /* Istruzioni.rtf in Resources */,
				957CC16021D59F9A00B0AFCF /* method.rtf in Resources */,
				95DB84C421AEE1EE00D13E6A /* Credit.rtf in Resources */,
				95D64C9021E499D80071532C /* CameraUse_it.rtf in Resources */,
				959FDF0C22742C3D00D1BE60 /* InsightStoryboard.storyboard in Resources */,
				95E9B4DC21C8DA1900C8A076 /* my.scnassets in Resources */,
				959FDEF422742BE800D1BE60 /* Main.storyboard in Resources */,
				95338645225B8219009DBECB /* IngredientsUIView.xib in Resources */,
			);
			runOnlyForDeploymentPostprocessing = 0;
		};
/* End PBXResourcesBuildPhase section */

/* Begin PBXShellScriptBuildPhase section */
		95E9B4DD21C8DEC400C8A076 /* ShellScript */ = {
			isa = PBXShellScriptBuildPhase;
			buildActionMask = 2147483647;
			files = (
			);
			inputFileListPaths = (
			);
			inputPaths = (
			);
			outputFileListPaths = (
			);
			outputPaths = (
			);
			runOnlyForDeploymentPostprocessing = 0;
			shellPath = /bin/sh;
			shellScript = "# Type a script or drag a script file from your workspace to insert its path.\nxattr -cr ~/Library/Developer/Xcode/DerivedData || echo Clear\n\n";
		};
/* End PBXShellScriptBuildPhase section */

/* Begin PBXSourcesBuildPhase section */
		95095325226D8C7E002E89DB /* Sources */ = {
			isa = PBXSourcesBuildPhase;
			buildActionMask = 2147483647;
			files = (
				9509532C226D8C7E002E89DB /* fit_UITests.swift in Sources */,
				95ECB4E622746BFA00791A10 /* SnapshotHelper.swift in Sources */,
			);
			runOnlyForDeploymentPostprocessing = 0;
		};
		95946BD521AB458700D534D0 /* Sources */ = {
			isa = PBXSourcesBuildPhase;
			buildActionMask = 2147483647;
			files = (
				953386232255DAE2009DBECB /* ProductCellForSearched.swift in Sources */,
				95084E3721D4AAC200EF307A /* AllertViewIntro.swift in Sources */,
				9521B9FB22538FB700E9A7A5 /* DataManagerSkinFold.swift in Sources */,
				9533860D2255D396009DBECB /* TaskDelegate.swift in Sources */,
				953386192255D396009DBECB /* Request.swift in Sources */,
				9521B9FF2253911F00E9A7A5 /* DatamanagerAlertView.swift in Sources */,
				95EB82F621E7B1C200AB639D /* BodyMeasure+CoreDataClass.swift in Sources */,
				950D787122497ACB00542CD7 /* PurchaseInfoController.swift in Sources */,
				953386182255D396009DBECB /* Alamofire.swift in Sources */,
				9533CA6421E3337C00C397DE /* LanguageController.swift in Sources */,
				953386132255D396009DBECB /* ParameterEncoding.swift in Sources */,
				952B46502268D95F0005FD5B /* PageMenuInsight.swift in Sources */,
				95946BDD21AB458700D534D0 /* AppDelegate.swift in Sources */,
				95EB82FC21E7B1C200AB639D /* Thumbnail+CoreDataClass.swift in Sources */,
				95DB84AA21ADA84D00D13E6A /* StaticClass.swift in Sources */,
				955592C621B6ECEF0059A83D /* ChartViewController.swift in Sources */,
				95EB82F821E7B1C200AB639D /* PicFullRes+CoreDataClass.swift in Sources */,
				9521BA03225391F800E9A7A5 /* DataManagerAdMob.swift in Sources */,
				95F21A6E2254C55C00049520 /* UserSupplementListAndScan.swift in Sources */,
				95C6AE35224146E7000C48C6 /* ShoppingController.swift in Sources */,
				95EB82FA21E7B1C200AB639D /* PlicheMeasure+CoreDataClass.swift in Sources */,
				95DB84D621B0074700D13E6A /* CameraViewController.swift in Sources */,
				9521BA012253917B00E9A7A5 /* DataManagerPhotos.swift in Sources */,
				950B71782263551800596167 /* Supplement+CoreDataProperties.swift in Sources */,
				95F21A682254BC4900049520 /* ScannerHelper.swift in Sources */,
				95685D972227DA7200A2DF56 /* PicFullRes+CoreDataProperties.swift in Sources */,
				952B464922684B710005FD5B /* CAPSPageMenuConfiguration.swift in Sources */,
				95A1F89B21B43ADF005B6CC5 /* lastMeasureCell.swift in Sources */,
				955DBD5F21CBED8C00312E6E /* Extension.swift in Sources */,
				954C4BB1227B7BFF00CDC706 /* PageMenuSettings.swift in Sources */,
				95C6AE2F224141C5000C48C6 /* IAPHelper.swift in Sources */,
				953386212255DA9C009DBECB /* SupplementSearchedByName.swift in Sources */,
				95946C0F21AB48EC00D534D0 /* MeasureMainController.swift in Sources */,
				95946C0D21AB478700D534D0 /* PhotoGallery.swift in Sources */,
				95E9B4DA21C8DA0E00C8A076 /* VirtualPlane.swift in Sources */,
				95523AAE21B1132800761D1B /* Model.xcdatamodeld in Sources */,
				95D97A27226493B0002A4515 /* CameraManager.swift in Sources */,
				95338649225BF88E009DBECB /* SupplementDetailsController.swift in Sources */,
				957BDA9721CCFDB000E2718F /* NavController.swift in Sources */,
				95946C9E21AD416600D534D0 /* AllertViewGirthInsert.swift in Sources */,
				95946C1321AB491300D534D0 /* InsightMainController.swift in Sources */,
				95C6AE3122414224000C48C6 /* GandCProducts.swift in Sources */,
				9521B9FD22538FE000E9A7A5 /* DataManagerVersionCheck.swift in Sources */,
				95DB84B221ADF37600D13E6A /* AllertViewSkinFoldInsert.swift in Sources */,
				950B716E22630E1A00596167 /* DataManagerSupplement.swift in Sources */,
				954927E521BE92DA00F78FD8 /* RawDataCell.swift in Sources */,
				953386102255D396009DBECB /* Timeline.swift in Sources */,
				9533861A2255D396009DBECB /* SessionManager.swift in Sources */,
				95A05D9521D24A450033B0AB /* SkinFoldsRawValuDetails.swift in Sources */,
				952B464622684B710005FD5B /* CAPSPageMenu+UIConfiguration.swift in Sources */,
				9506885C21D01D9C006AC1DB /* measureRowValueDetails.swift in Sources */,
				95153BB721CC05DC0031FFB9 /* enum.swift in Sources */,
				953386122255D396009DBECB /* Result.swift in Sources */,
				95ACDF3F21C7AAAC003A77BD /* HealthManager.swift in Sources */,
				95DB84B021ADF02F00D13E6A /* PlicheMetCollectionViewCell.swift in Sources */,
				95685D952227DA7200A2DF56 /* BodyMeasure+CoreDataProperties.swift in Sources */,
				953386172255D396009DBECB /* Response.swift in Sources */,
				9533863722569176009DBECB /* SkinFoldsRawDataTableview.swift in Sources */,
				9533863B22572AC3009DBECB /* CalssModel.swift in Sources */,
				952B464522684B710005FD5B /* CAPSPageMenu+Options.swift in Sources */,
				9533861C2255D396009DBECB /* ServerTrustPolicy.swift in Sources */,
				95269EDE21B0888500DBD758 /* DataManager.swift in Sources */,
				950B71772263551800596167 /* Supplement+CoreDataClass.swift in Sources */,
				9506885421CF90F3006AC1DB /* AppStoreManager.swift in Sources */,
				95946C2421AC3C9100D534D0 /* MeasureCollectionViewCell.swift in Sources */,
				95DB84AC21ADB1F300D13E6A /* PlicoMainControllerTable.swift in Sources */,
				952B464422684B710005FD5B /* CAPSPageMenu.swift in Sources */,
				95D97A2922663B07002A4515 /* AppDelegateExtension.swift in Sources */,
				9542CD2421BAA2AE00D72B6A /* AllertViewSkinFoldInsertWithGraph.swift in Sources */,
				9533861B2255D396009DBECB /* ResponseSerialization.swift in Sources */,
				95D97A21226492E9002A4515 /* SupplemetInsertedManuallyController.swift in Sources */,
				95685D962227DA7200A2DF56 /* PlicheMeasure+CoreDataProperties.swift in Sources */,
				954927E321BE92C100F78FD8 /* GhirtRawDataTableview.swift in Sources */,
				950B717E226460C800596167 /* CirclePieView.swift in Sources */,
				95DB84C621AEE25400D13E6A /* PrivacyController.swift in Sources */,
				95D98AAF22798F9B005919D0 /* ExtensionAppDelegateInAppPurchase.swift in Sources */,
				952B464822684B710005FD5B /* CAPSPageMenu+UIScrollViewDelegate.swift in Sources */,
				9521B9F922538F9700E9A7A5 /* DataManagerGirth.swift in Sources */,
				95DB84CB21AFF73D00D13E6A /* PicturesCell.swift in Sources */,
				954927ED21BEF01600F78FD8 /* InstructionController.swift in Sources */,
				95946C1F21ABCD0300D534D0 /* CustomViewDoubleColor.swift in Sources */,
				952B464E22684D960005FD5B /* MenuItemView.swift in Sources */,
				95DB84B721AECA6600D13E6A /* SettingsMainTableViewController.swift in Sources */,
				9541A9E621B1974D004AA622 /* UserDefaultsSettings.swift in Sources */,
				9533860E2255D396009DBECB /* MultipartFormData.swift in Sources */,
				95DB84AE21ADE98800D13E6A /* PlicheMoethodController.swift in Sources */,
				953386112255D396009DBECB /* DispatchQueue+Alamofire.swift in Sources */,
				9533861D2255D396009DBECB /* SessionDelegate.swift in Sources */,
				95C6AE37224148FD000C48C6 /* ProductCell.swift in Sources */,
				95DD858B2255C41300087CEB /* SwiftyJSON.swift in Sources */,
				9533860F2255D396009DBECB /* NetworkReachabilityManager.swift in Sources */,
				95685D942227DA7200A2DF56 /* Thumbnail+CoreDataProperties.swift in Sources */,
				9533861F2255D423009DBECB /* DownloadManager.swift in Sources */,
				952B464C22684C350005FD5B /* PageMenuBodyMeasurment.swift in Sources */,
				953386162255D396009DBECB /* Notifications.swift in Sources */,
				952B464722684B710005FD5B /* CAPSPageMenu+UIGestureRecognizerDelegate.swift in Sources */,
				9596BBDB21C3899100244C41 /* PicFullResController.swift in Sources */,
				95338643225B81FE009DBECB /* LabelProductUIView.swift in Sources */,
				950B717022632C1200596167 /* SelectedProductCell.swift in Sources */,
				953386142255D396009DBECB /* AFError.swift in Sources */,
				953386152255D396009DBECB /* Validation.swift in Sources */,
			);
			runOnlyForDeploymentPostprocessing = 0;
		};
/* End PBXSourcesBuildPhase section */

/* Begin PBXTargetDependency section */
		9509532F226D8C7E002E89DB /* PBXTargetDependency */ = {
			isa = PBXTargetDependency;
			target = 95946BD821AB458700D534D0 /* iFit Girths & Caliper */;
			targetProxy = 9509532E226D8C7E002E89DB /* PBXContainerItemProxy */;
		};
		951AD60E2227D825009E046A /* PBXTargetDependency */ = {
			isa = PBXTargetDependency;
			name = "Ensembles iOS Module";
			targetProxy = 951AD60D2227D825009E046A /* PBXContainerItemProxy */;
		};
		959B10E021CA751500CF2E3F /* PBXTargetDependency */ = {
			isa = PBXTargetDependency;
			name = Charts;
			targetProxy = 959B10DF21CA751500CF2E3F /* PBXContainerItemProxy */;
		};
/* End PBXTargetDependency section */

/* Begin PBXVariantGroup section */
		95946BE721AB458800D534D0 /* LaunchScreen.storyboard */ = {
			isa = PBXVariantGroup;
			children = (
				959FDEB52274284D00D1BE60 /* Base */,
				959FDEB7227428BB00D1BE60 /* it */,
				95ECB4F7227485CC00791A10 /* en */,
			);
			name = LaunchScreen.storyboard;
			sourceTree = "<group>";
		};
		959FDEF622742BE800D1BE60 /* Main.storyboard */ = {
			isa = PBXVariantGroup;
			children = (
				959FDEF522742BE800D1BE60 /* Base */,
				959FDEF822742BF200D1BE60 /* en */,
				959FDF2122742C7E00D1BE60 /* it */,
			);
			name = Main.storyboard;
			sourceTree = "<group>";
		};
		959FDEFB22742C0600D1BE60 /* GirthStoryboard.storyboard */ = {
			isa = PBXVariantGroup;
			children = (
				959FDEFA22742C0600D1BE60 /* Base */,
				959FDEFD22742C0B00D1BE60 /* en */,
				959FDEFF22742C0D00D1BE60 /* it */,
			);
			name = GirthStoryboard.storyboard;
			sourceTree = "<group>";
		};
		959FDF0222742C1900D1BE60 /* SkinFoldStoryboard.storyboard */ = {
			isa = PBXVariantGroup;
			children = (
				959FDF0122742C1900D1BE60 /* Base */,
				959FDF0422742C1F00D1BE60 /* en */,
				959FDF2322742C9200D1BE60 /* it */,
			);
			name = SkinFoldStoryboard.storyboard;
			sourceTree = "<group>";
		};
		959FDF0722742C2C00D1BE60 /* CameraStoryboard.storyboard */ = {
			isa = PBXVariantGroup;
			children = (
				959FDF0622742C2C00D1BE60 /* Base */,
				959FDF0922742C3200D1BE60 /* en */,
				959FDF0B22742C3300D1BE60 /* it */,
			);
			name = CameraStoryboard.storyboard;
			sourceTree = "<group>";
		};
		959FDF0E22742C3D00D1BE60 /* InsightStoryboard.storyboard */ = {
			isa = PBXVariantGroup;
			children = (
				959FDF0D22742C3D00D1BE60 /* Base */,
				959FDF1022742C4100D1BE60 /* en */,
				959FDF1222742C4200D1BE60 /* it */,
			);
			name = InsightStoryboard.storyboard;
			sourceTree = "<group>";
		};
		959FDF1522742C5700D1BE60 /* SettingStoryboard.storyboard */ = {
			isa = PBXVariantGroup;
			children = (
				959FDF1422742C5700D1BE60 /* Base */,
				959FDF1722742C5B00D1BE60 /* en */,
				959FDF1922742C5D00D1BE60 /* it */,
			);
			name = SettingStoryboard.storyboard;
			sourceTree = "<group>";
		};
		959FDF1C22742C6600D1BE60 /* SupplementStoryboard.storyboard */ = {
			isa = PBXVariantGroup;
			children = (
				959FDF1B22742C6600D1BE60 /* Base */,
				959FDF1E22742C6C00D1BE60 /* en */,
				959FDF2022742C7300D1BE60 /* it */,
			);
			name = SupplementStoryboard.storyboard;
			sourceTree = "<group>";
		};
		959FDF2E22742F6A00D1BE60 /* Localizable.strings */ = {
			isa = PBXVariantGroup;
			children = (
				959FDF2D22742F6A00D1BE60 /* en */,
				959FDF2F22742F7300D1BE60 /* it */,
			);
			name = Localizable.strings;
			sourceTree = "<group>";
		};
		959FDF30227445CF00D1BE60 /* InfoPlist.strings */ = {
			isa = PBXVariantGroup;
			children = (
				959FDF31227445CF00D1BE60 /* it */,
			);
			name = InfoPlist.strings;
			sourceTree = "<group>";
		};
		95F97970227C831100E6E08E /* Info.plist */ = {
			isa = PBXVariantGroup;
			children = (
				95F9796F227C831100E6E08E /* it */,
				95F97971227C831E00E6E08E /* en */,
			);
			name = Info.plist;
			sourceTree = "<group>";
		};
/* End PBXVariantGroup section */

/* Begin XCBuildConfiguration section */
		95095330226D8C7E002E89DB /* Debug */ = {
			isa = XCBuildConfiguration;
			buildSettings = {
				CODE_SIGN_STYLE = Automatic;
				DEVELOPMENT_TEAM = L5EWQJU24M;
				INFOPLIST_FILE = "fit UITests/Info.plist";
				IPHONEOS_DEPLOYMENT_TARGET = 12.2;
				LD_RUNPATH_SEARCH_PATHS = (
					"$(inherited)",
					"@executable_path/Frameworks",
					"@loader_path/Frameworks",
				);
				PRODUCT_BUNDLE_IDENTIFIER = "fred76.com.fit-UITests";
				PRODUCT_NAME = "$(TARGET_NAME)";
				SWIFT_VERSION = 5.0;
				TARGETED_DEVICE_FAMILY = "1,2";
				TEST_TARGET_NAME = "iFit Girths & Caliper";
			};
			name = Debug;
		};
		95095331226D8C7E002E89DB /* Release */ = {
			isa = XCBuildConfiguration;
			buildSettings = {
				CODE_SIGN_STYLE = Automatic;
				DEVELOPMENT_TEAM = L5EWQJU24M;
				INFOPLIST_FILE = "fit UITests/Info.plist";
				IPHONEOS_DEPLOYMENT_TARGET = 12.2;
				LD_RUNPATH_SEARCH_PATHS = (
					"$(inherited)",
					"@executable_path/Frameworks",
					"@loader_path/Frameworks",
				);
				PRODUCT_BUNDLE_IDENTIFIER = "fred76.com.fit-UITests";
				PRODUCT_NAME = "$(TARGET_NAME)";
				SWIFT_VERSION = 5.0;
				TARGETED_DEVICE_FAMILY = "1,2";
				TEST_TARGET_NAME = "iFit Girths & Caliper";
			};
			name = Release;
		};
		95946C0121AB458800D534D0 /* Debug */ = {
			isa = XCBuildConfiguration;
			buildSettings = {
				ALWAYS_SEARCH_USER_PATHS = NO;
				CLANG_ANALYZER_LOCALIZABILITY_NONLOCALIZED = YES;
				CLANG_ANALYZER_NONNULL = YES;
				CLANG_ANALYZER_NUMBER_OBJECT_CONVERSION = YES_AGGRESSIVE;
				CLANG_CXX_LANGUAGE_STANDARD = "gnu++14";
				CLANG_CXX_LIBRARY = "libc++";
				CLANG_ENABLE_MODULES = YES;
				CLANG_ENABLE_OBJC_ARC = YES;
				CLANG_ENABLE_OBJC_WEAK = YES;
				CLANG_WARN_BLOCK_CAPTURE_AUTORELEASING = YES;
				CLANG_WARN_BOOL_CONVERSION = YES;
				CLANG_WARN_COMMA = YES;
				CLANG_WARN_CONSTANT_CONVERSION = YES;
				CLANG_WARN_DEPRECATED_OBJC_IMPLEMENTATIONS = YES;
				CLANG_WARN_DIRECT_OBJC_ISA_USAGE = YES_ERROR;
				CLANG_WARN_DOCUMENTATION_COMMENTS = YES;
				CLANG_WARN_EMPTY_BODY = YES;
				CLANG_WARN_ENUM_CONVERSION = YES;
				CLANG_WARN_INFINITE_RECURSION = YES;
				CLANG_WARN_INT_CONVERSION = YES;
				CLANG_WARN_NON_LITERAL_NULL_CONVERSION = YES;
				CLANG_WARN_OBJC_IMPLICIT_RETAIN_SELF = YES;
				CLANG_WARN_OBJC_LITERAL_CONVERSION = YES;
				CLANG_WARN_OBJC_ROOT_CLASS = YES_ERROR;
				CLANG_WARN_RANGE_LOOP_ANALYSIS = YES;
				CLANG_WARN_STRICT_PROTOTYPES = YES;
				CLANG_WARN_SUSPICIOUS_MOVE = YES;
				CLANG_WARN_UNGUARDED_AVAILABILITY = YES_AGGRESSIVE;
				CLANG_WARN_UNREACHABLE_CODE = YES;
				CLANG_WARN__DUPLICATE_METHOD_MATCH = YES;
				CODE_SIGN_IDENTITY = "iPhone Developer";
				COPY_PHASE_STRIP = NO;
				DEBUG_INFORMATION_FORMAT = dwarf;
				ENABLE_STRICT_OBJC_MSGSEND = YES;
				ENABLE_TESTABILITY = YES;
				GCC_C_LANGUAGE_STANDARD = gnu11;
				GCC_DYNAMIC_NO_PIC = NO;
				GCC_NO_COMMON_BLOCKS = YES;
				GCC_OPTIMIZATION_LEVEL = 0;
				GCC_PREPROCESSOR_DEFINITIONS = (
					"DEBUG=1",
					"$(inherited)",
				);
				GCC_WARN_64_TO_32_BIT_CONVERSION = YES;
				GCC_WARN_ABOUT_RETURN_TYPE = YES_ERROR;
				GCC_WARN_UNDECLARED_SELECTOR = YES;
				GCC_WARN_UNINITIALIZED_AUTOS = YES_AGGRESSIVE;
				GCC_WARN_UNUSED_FUNCTION = YES;
				GCC_WARN_UNUSED_VARIABLE = YES;
				IPHONEOS_DEPLOYMENT_TARGET = 12.0;
				MTL_ENABLE_DEBUG_INFO = INCLUDE_SOURCE;
				MTL_FAST_MATH = YES;
				ONLY_ACTIVE_ARCH = YES;
				SDKROOT = iphoneos;
				SWIFT_ACTIVE_COMPILATION_CONDITIONS = DEBUG;
				SWIFT_OPTIMIZATION_LEVEL = "-Onone";
				SWIFT_VERSION = 5.0;
			};
			name = Debug;
		};
		95946C0221AB458800D534D0 /* Release */ = {
			isa = XCBuildConfiguration;
			buildSettings = {
				ALWAYS_SEARCH_USER_PATHS = NO;
				CLANG_ANALYZER_LOCALIZABILITY_NONLOCALIZED = YES;
				CLANG_ANALYZER_NONNULL = YES;
				CLANG_ANALYZER_NUMBER_OBJECT_CONVERSION = YES_AGGRESSIVE;
				CLANG_CXX_LANGUAGE_STANDARD = "gnu++14";
				CLANG_CXX_LIBRARY = "libc++";
				CLANG_ENABLE_MODULES = YES;
				CLANG_ENABLE_OBJC_ARC = YES;
				CLANG_ENABLE_OBJC_WEAK = YES;
				CLANG_WARN_BLOCK_CAPTURE_AUTORELEASING = YES;
				CLANG_WARN_BOOL_CONVERSION = YES;
				CLANG_WARN_COMMA = YES;
				CLANG_WARN_CONSTANT_CONVERSION = YES;
				CLANG_WARN_DEPRECATED_OBJC_IMPLEMENTATIONS = YES;
				CLANG_WARN_DIRECT_OBJC_ISA_USAGE = YES_ERROR;
				CLANG_WARN_DOCUMENTATION_COMMENTS = YES;
				CLANG_WARN_EMPTY_BODY = YES;
				CLANG_WARN_ENUM_CONVERSION = YES;
				CLANG_WARN_INFINITE_RECURSION = YES;
				CLANG_WARN_INT_CONVERSION = YES;
				CLANG_WARN_NON_LITERAL_NULL_CONVERSION = YES;
				CLANG_WARN_OBJC_IMPLICIT_RETAIN_SELF = YES;
				CLANG_WARN_OBJC_LITERAL_CONVERSION = YES;
				CLANG_WARN_OBJC_ROOT_CLASS = YES_ERROR;
				CLANG_WARN_RANGE_LOOP_ANALYSIS = YES;
				CLANG_WARN_STRICT_PROTOTYPES = YES;
				CLANG_WARN_SUSPICIOUS_MOVE = YES;
				CLANG_WARN_UNGUARDED_AVAILABILITY = YES_AGGRESSIVE;
				CLANG_WARN_UNREACHABLE_CODE = YES;
				CLANG_WARN__DUPLICATE_METHOD_MATCH = YES;
				CODE_SIGN_IDENTITY = "iPhone Developer";
				COPY_PHASE_STRIP = NO;
				DEBUG_INFORMATION_FORMAT = "dwarf-with-dsym";
				ENABLE_NS_ASSERTIONS = NO;
				ENABLE_STRICT_OBJC_MSGSEND = YES;
				GCC_C_LANGUAGE_STANDARD = gnu11;
				GCC_NO_COMMON_BLOCKS = YES;
				GCC_WARN_64_TO_32_BIT_CONVERSION = YES;
				GCC_WARN_ABOUT_RETURN_TYPE = YES_ERROR;
				GCC_WARN_UNDECLARED_SELECTOR = YES;
				GCC_WARN_UNINITIALIZED_AUTOS = YES_AGGRESSIVE;
				GCC_WARN_UNUSED_FUNCTION = YES;
				GCC_WARN_UNUSED_VARIABLE = YES;
				IPHONEOS_DEPLOYMENT_TARGET = 12.0;
				MTL_ENABLE_DEBUG_INFO = NO;
				MTL_FAST_MATH = YES;
				SDKROOT = iphoneos;
				SWIFT_COMPILATION_MODE = wholemodule;
				SWIFT_OPTIMIZATION_LEVEL = "-O";
				SWIFT_VERSION = 5.0;
				VALIDATE_PRODUCT = YES;
			};
			name = Release;
		};
		95946C0421AB458800D534D0 /* Debug */ = {
			isa = XCBuildConfiguration;
			buildSettings = {
				ALWAYS_EMBED_SWIFT_STANDARD_LIBRARIES = YES;
				ASSETCATALOG_COMPILER_APPICON_NAME = AppIcon;
				CODE_SIGN_ENTITLEMENTS = "Fit Measures/Fit Measures.entitlements";
				CODE_SIGN_IDENTITY = "iPhone Developer";
				CODE_SIGN_STYLE = Automatic;
				DEVELOPMENT_TEAM = L5EWQJU24M;
				FRAMEWORK_SEARCH_PATHS = (
					"$(inherited)",
					"$(PROJECT_DIR)",
				);
				INFOPLIST_FILE = "Fit Measures/Info.plist";
				IPHONEOS_DEPLOYMENT_TARGET = 12.0;
				LD_RUNPATH_SEARCH_PATHS = (
					"$(inherited)",
					"@executable_path/Frameworks",
				);
				OTHER_LDFLAGS = "-ObjC";
				PRODUCT_BUNDLE_IDENTIFIER = fred76.com.ifit;
				PRODUCT_NAME = "$(TARGET_NAME)";
				PROVISIONING_PROFILE_SPECIFIER = "";
				SWIFT_VERSION = 5.0;
				TARGETED_DEVICE_FAMILY = "1,2";
			};
			name = Debug;
		};
		95946C0521AB458800D534D0 /* Release */ = {
			isa = XCBuildConfiguration;
			buildSettings = {
				ALWAYS_EMBED_SWIFT_STANDARD_LIBRARIES = YES;
				ASSETCATALOG_COMPILER_APPICON_NAME = AppIcon;
				CODE_SIGN_ENTITLEMENTS = "Fit Measures/Fit Measures.entitlements";
				CODE_SIGN_IDENTITY = "iPhone Developer";
				CODE_SIGN_STYLE = Automatic;
				DEVELOPMENT_TEAM = L5EWQJU24M;
				FRAMEWORK_SEARCH_PATHS = (
					"$(inherited)",
					"$(PROJECT_DIR)",
				);
				INFOPLIST_FILE = "Fit Measures/Info.plist";
				IPHONEOS_DEPLOYMENT_TARGET = 12.0;
				LD_RUNPATH_SEARCH_PATHS = (
					"$(inherited)",
					"@executable_path/Frameworks",
				);
				OTHER_LDFLAGS = "-ObjC";
				PRODUCT_BUNDLE_IDENTIFIER = fred76.com.ifit;
				PRODUCT_NAME = "$(TARGET_NAME)";
				PROVISIONING_PROFILE_SPECIFIER = "";
				SWIFT_VERSION = 5.0;
				TARGETED_DEVICE_FAMILY = "1,2";
			};
			name = Release;
		};
/* End XCBuildConfiguration section */

/* Begin XCConfigurationList section */
		95095336226D8C7E002E89DB /* Build configuration list for PBXNativeTarget "fit UITests" */ = {
			isa = XCConfigurationList;
			buildConfigurations = (
				95095330226D8C7E002E89DB /* Debug */,
				95095331226D8C7E002E89DB /* Release */,
			);
			defaultConfigurationIsVisible = 0;
			defaultConfigurationName = Release;
		};
		95946BD421AB458700D534D0 /* Build configuration list for PBXProject "iFit Girths & Caliper" */ = {
			isa = XCConfigurationList;
			buildConfigurations = (
				95946C0121AB458800D534D0 /* Debug */,
				95946C0221AB458800D534D0 /* Release */,
			);
			defaultConfigurationIsVisible = 0;
			defaultConfigurationName = Release;
		};
		95946C0321AB458800D534D0 /* Build configuration list for PBXNativeTarget "iFit Girths & Caliper" */ = {
			isa = XCConfigurationList;
			buildConfigurations = (
				95946C0421AB458800D534D0 /* Debug */,
				95946C0521AB458800D534D0 /* Release */,
			);
			defaultConfigurationIsVisible = 0;
			defaultConfigurationName = Release;
		};
/* End XCConfigurationList section */

/* Begin XCVersionGroup section */
		95523AAC21B1132800761D1B /* Model.xcdatamodeld */ = {
			isa = XCVersionGroup;
			children = (
				95523AAD21B1132800761D1B /* Model.xcdatamodel */,
			);
			currentVersion = 95523AAD21B1132800761D1B /* Model.xcdatamodel */;
			path = Model.xcdatamodeld;
			sourceTree = "<group>";
			versionGroupType = wrapper.xcdatamodel;
		};
/* End XCVersionGroup section */
	};
	rootObject = 95946BD121AB458700D534D0 /* Project object */;
}
