<?xml version="1.0" encoding="UTF-8"?>
<Scheme
   LastUpgradeVersion = "1020"
   version = "1.3">
   <BuildAction
      parallelizeBuildables = "YES"
      buildImplicitDependencies = "YES">
      <BuildActionEntries>
         <BuildActionEntry
            buildForTesting = "YES"
            buildForRunning = "YES"
            buildForProfiling = "YES"
            buildForArchiving = "YES"
            buildForAnalyzing = "YES">
            <BuildableReference
               BuildableIdentifier = "primary"
               BlueprintIdentifier = "95946BD821AB458700D534D0"
               BuildableName = "iFit Girths &amp; Caliper.app"
               BlueprintName = "iFit Girths &amp; Caliper"
               ReferencedContainer = "container:iFit Girths &amp; Caliper.xcodeproj">
            </BuildableReference>
         </BuildActionEntry>
         <BuildActionEntry
            buildForTesting = "YES"
            buildForRunning = "NO"
            buildForProfiling = "NO"
            buildForArchiving = "NO"
            buildForAnalyzing = "NO">
            <BuildableReference
               BuildableIdentifier = "primary"
               BlueprintIdentifier = "95095328226D8C7E002E89DB"
               BuildableName = "fit UITests.xctest"
               BlueprintName = "fit UITests"
               ReferencedContainer = "container:iFit Girths &amp; Caliper.xcodeproj">
            </BuildableReference>
         </BuildActionEntry>
      </BuildActionEntries>
   </BuildAction>
   <TestAction
      buildConfiguration = "Debug"
      selectedDebuggerIdentifier = ""
      selectedLauncherIdentifier = "Xcode.IDEFoundation.Launcher.PosixSpawn"
      shouldUseLaunchSchemeArgsEnv = "YES">
      <Testables>
         <TestableReference
            skipped = "NO">
            <BuildableReference
               BuildableIdentifier = "primary"
               BlueprintIdentifier = "95946BEE21AB458800D534D0"
               BuildableName = "Fit MeasuresTests.xctest"
               BlueprintName = "Fit MeasuresTests"
               ReferencedContainer = "container:iFit Girths &amp; Caliper.xcodeproj">
            </BuildableReference>
         </TestableReference>
         <TestableReference
            skipped = "NO">
            <BuildableReference
               BuildableIdentifier = "primary"
               BlueprintIdentifier = "95946BF921AB458800D534D0"
               BuildableName = "Fit MeasuresUITests.xctest"
               BlueprintName = "Fit MeasuresUITests"
               ReferencedContainer = "container:iFit Girths &amp; Caliper.xcodeproj">
            </BuildableReference>
         </TestableReference>
         <TestableReference
            skipped = "NO">
            <BuildableReference
               BuildableIdentifier = "primary"
               BlueprintIdentifier = "95095328226D8C7E002E89DB"
               BuildableName = "fit UITests.xctest"
               BlueprintName = "fit UITests"
               ReferencedContainer = "container:iFit Girths &amp; Caliper.xcodeproj">
            </BuildableReference>
         </TestableReference>
      </Testables>
      <MacroExpansion>
         <BuildableReference
            BuildableIdentifier = "primary"
            BlueprintIdentifier = "95946BD821AB458700D534D0"
            BuildableName = "iFit Girths &amp; Caliper.app"
            BlueprintName = "iFit Girths &amp; Caliper"
            ReferencedContainer = "container:iFit Girths &amp; Caliper.xcodeproj">
         </BuildableReference>
      </MacroExpansion>
      <AdditionalOptions>
      </AdditionalOptions>
   </TestAction>
   <LaunchAction
      buildConfiguration = "Release"
      selectedDebuggerIdentifier = "Xcode.DebuggerFoundation.Debugger.LLDB"
      selectedLauncherIdentifier = "Xcode.DebuggerFoundation.Launcher.LLDB"
      launchStyle = "0"
      useCustomWorkingDirectory = "NO"
      ignoresPersistentStateOnLaunch = "NO"
      debugDocumentVersioning = "YES"
      debugServiceExtension = "internal"
      allowLocationSimulation = "YES">
      <BuildableProductRunnable
         runnableDebuggingMode = "0">
         <BuildableReference
            BuildableIdentifier = "primary"
            BlueprintIdentifier = "95946BD821AB458700D534D0"
            BuildableName = "iFit Girths &amp; Caliper.app"
            BlueprintName = "iFit Girths &amp; Caliper"
            ReferencedContainer = "container:iFit Girths &amp; Caliper.xcodeproj">
         </BuildableReference>
      </BuildableProductRunnable>
      <AdditionalOptions>
      </AdditionalOptions>
   </LaunchAction>
   <ProfileAction
      buildConfiguration = "Release"
      shouldUseLaunchSchemeArgsEnv = "YES"
      savedToolIdentifier = ""
      useCustomWorkingDirectory = "NO"
      debugDocumentVersioning = "YES">
      <BuildableProductRunnable
         runnableDebuggingMode = "0">
         <BuildableReference
            BuildableIdentifier = "primary"
            BlueprintIdentifier = "95946BD821AB458700D534D0"
            BuildableName = "iFit Girths &amp; Caliper.app"
            BlueprintName = "iFit Girths &amp; Caliper"
            ReferencedContainer = "container:iFit Girths &amp; Caliper.xcodeproj">
         </BuildableReference>
      </BuildableProductRunnable>
   </ProfileAction>
   <AnalyzeAction
      buildConfiguration = "Debug">
   </AnalyzeAction>
   <ArchiveAction
      buildConfiguration = "Release"
      revealArchiveInOrganizer = "YES">
   </ArchiveAction>
</Scheme>
